// !$*UTF8*$!
{
	archiveVersion = 1;
	classes = {
	};
	objectVersion = 45;
	objects = {

/* Begin PBXBuildFile section */
		5D4A7BA212F2170C00A2C443 /* libz.dylib in Frameworks */ = {isa = PBXBuildFile; fileRef = 5D7674BA12909ABA006B7D51 /* libz.dylib */; };
		5D4A7BA612F2172900A2C443 /* AppKit.framework in Frameworks */ = {isa = PBXBuildFile; fileRef = 5D8C15E6129DE86E002F8C01 /* AppKit.framework */; };
		5D4A7BAD12F2174A00A2C443 /* SystemConfiguration.framework in Frameworks */ = {isa = PBXBuildFile; fileRef = 5D7674B612909AAB006B7D51 /* SystemConfiguration.framework */; };
		5D5AD28712DD1CF5008810F0 /* ASIBase64Transcoder.c in Sources */ = {isa = PBXBuildFile; fileRef = 5D5AD28412DD1CF5008810F0 /* ASIBase64Transcoder.c */; };
		5D5AD28812DD1CF5008810F0 /* ASIBase64Transcoder.h in Headers */ = {isa = PBXBuildFile; fileRef = 5D5AD28512DD1CF5008810F0 /* ASIBase64Transcoder.h */; settings = {ATTRIBUTES = (); }; };
		5D7674B712909AAB006B7D51 /* SystemConfiguration.framework in Frameworks */ = {isa = PBXBuildFile; fileRef = 5D7674B612909AAB006B7D51 /* SystemConfiguration.framework */; };
		5D7674BD12909ACB006B7D51 /* CoreServices.framework in Frameworks */ = {isa = PBXBuildFile; fileRef = 5D7674BC12909ACB006B7D51 /* CoreServices.framework */; };
		5D8C15E7129DE86E002F8C01 /* AppKit.framework in Frameworks */ = {isa = PBXBuildFile; fileRef = 5D8C15E6129DE86E002F8C01 /* AppKit.framework */; };
		8DC2EF530486A6940098B216 /* InfoPlist.strings in Resources */ = {isa = PBXBuildFile; fileRef = 089C1666FE841158C02AAC07 /* InfoPlist.strings */; };
		9405B79113D8F3FA0088D7DF /* SGCategories.h in Headers */ = {isa = PBXBuildFile; fileRef = 9405B78E13D8F3FA0088D7DF /* SGCategories.h */; settings = {ATTRIBUTES = (Public, ); }; };
		9405B79213D8F3FA0088D7DF /* SGTypes.h in Headers */ = {isa = PBXBuildFile; fileRef = 9405B78F13D8F3FA0088D7DF /* SGTypes.h */; settings = {ATTRIBUTES = (Public, ); }; };
		9405B79313D8F3FA0088D7DF /* SGTypes.m in Sources */ = {isa = PBXBuildFile; fileRef = 9405B79013D8F3FA0088D7DF /* SGTypes.m */; };
		9405B79A13D8F4070088D7DF /* SGCallback.h in Headers */ = {isa = PBXBuildFile; fileRef = 9405B79413D8F4070088D7DF /* SGCallback.h */; settings = {ATTRIBUTES = (Public, ); }; };
		9405B79B13D8F4070088D7DF /* SGCallback.m in Sources */ = {isa = PBXBuildFile; fileRef = 9405B79513D8F4070088D7DF /* SGCallback.m */; };
		9405B79C13D8F4070088D7DF /* SimpleGeo.h in Headers */ = {isa = PBXBuildFile; fileRef = 9405B79613D8F4070088D7DF /* SimpleGeo.h */; settings = {ATTRIBUTES = (Public, ); }; };
		9405B79D13D8F4070088D7DF /* SimpleGeo.m in Sources */ = {isa = PBXBuildFile; fileRef = 9405B79713D8F4070088D7DF /* SimpleGeo.m */; };
		9405B79E13D8F4070088D7DF /* SimpleGeo+Internal.h in Headers */ = {isa = PBXBuildFile; fileRef = 9405B79813D8F4070088D7DF /* SimpleGeo+Internal.h */; settings = {ATTRIBUTES = (Private, ); }; };
		9405B79F13D8F4070088D7DF /* SimpleGeo+Internal.m in Sources */ = {isa = PBXBuildFile; fileRef = 9405B79913D8F4070088D7DF /* SimpleGeo+Internal.m */; };
		9405B7AB13D8F41E0088D7DF /* SGContextQuery.h in Headers */ = {isa = PBXBuildFile; fileRef = 9405B7A013D8F41E0088D7DF /* SGContextQuery.h */; settings = {ATTRIBUTES = (Public, ); }; };
		9405B7AC13D8F41E0088D7DF /* SGContextQuery.m in Sources */ = {isa = PBXBuildFile; fileRef = 9405B7A113D8F41E0088D7DF /* SGContextQuery.m */; };
		9405B7AD13D8F41E0088D7DF /* SGNearbyQuery.h in Headers */ = {isa = PBXBuildFile; fileRef = 9405B7A213D8F41E0088D7DF /* SGNearbyQuery.h */; settings = {ATTRIBUTES = (Public, ); }; };
		9405B7AE13D8F41E0088D7DF /* SGNearbyQuery.m in Sources */ = {isa = PBXBuildFile; fileRef = 9405B7A313D8F41E0088D7DF /* SGNearbyQuery.m */; };
		9405B7AF13D8F41E0088D7DF /* SGPlacesQuery.h in Headers */ = {isa = PBXBuildFile; fileRef = 9405B7A413D8F41E0088D7DF /* SGPlacesQuery.h */; settings = {ATTRIBUTES = (Public, ); }; };
		9405B7B013D8F41E0088D7DF /* SGPlacesQuery.m in Sources */ = {isa = PBXBuildFile; fileRef = 9405B7A513D8F41E0088D7DF /* SGPlacesQuery.m */; };
		9405B7B113D8F41E0088D7DF /* SGQuery.h in Headers */ = {isa = PBXBuildFile; fileRef = 9405B7A613D8F41E0088D7DF /* SGQuery.h */; settings = {ATTRIBUTES = (Public, ); }; };
		9405B7B213D8F41E0088D7DF /* SGQuery.m in Sources */ = {isa = PBXBuildFile; fileRef = 9405B7A713D8F41E0088D7DF /* SGQuery.m */; };
		9405B7B413D8F41E0088D7DF /* SGStorageQuery.h in Headers */ = {isa = PBXBuildFile; fileRef = 9405B7A913D8F41E0088D7DF /* SGStorageQuery.h */; settings = {ATTRIBUTES = (Public, ); }; };
		9405B7B513D8F41E0088D7DF /* SGStorageQuery.m in Sources */ = {isa = PBXBuildFile; fileRef = 9405B7AA13D8F41E0088D7DF /* SGStorageQuery.m */; };
		9405B7BE13D8F4230088D7DF /* SimpleGeo+Context.h in Headers */ = {isa = PBXBuildFile; fileRef = 9405B7B613D8F4230088D7DF /* SimpleGeo+Context.h */; settings = {ATTRIBUTES = (Public, ); }; };
		9405B7BF13D8F4230088D7DF /* SimpleGeo+Context.m in Sources */ = {isa = PBXBuildFile; fileRef = 9405B7B713D8F4230088D7DF /* SimpleGeo+Context.m */; };
		9405B7C013D8F4230088D7DF /* SimpleGeo+Features.h in Headers */ = {isa = PBXBuildFile; fileRef = 9405B7B813D8F4230088D7DF /* SimpleGeo+Features.h */; settings = {ATTRIBUTES = (Public, ); }; };
		9405B7C113D8F4230088D7DF /* SimpleGeo+Features.m in Sources */ = {isa = PBXBuildFile; fileRef = 9405B7B913D8F4230088D7DF /* SimpleGeo+Features.m */; };
		9405B7C213D8F4230088D7DF /* SimpleGeo+Places.h in Headers */ = {isa = PBXBuildFile; fileRef = 9405B7BA13D8F4230088D7DF /* SimpleGeo+Places.h */; settings = {ATTRIBUTES = (Public, ); }; };
		9405B7C313D8F4230088D7DF /* SimpleGeo+Places.m in Sources */ = {isa = PBXBuildFile; fileRef = 9405B7BB13D8F4230088D7DF /* SimpleGeo+Places.m */; };
		9405B7C413D8F4230088D7DF /* SimpleGeo+Storage.h in Headers */ = {isa = PBXBuildFile; fileRef = 9405B7BC13D8F4230088D7DF /* SimpleGeo+Storage.h */; settings = {ATTRIBUTES = (Public, ); }; };
		9405B7C513D8F4230088D7DF /* SimpleGeo+Storage.m in Sources */ = {isa = PBXBuildFile; fileRef = 9405B7BD13D8F4230088D7DF /* SimpleGeo+Storage.m */; };
		9405B7D213D8F47C0088D7DF /* SGEnvelope.h in Headers */ = {isa = PBXBuildFile; fileRef = 9405B7C613D8F47C0088D7DF /* SGEnvelope.h */; settings = {ATTRIBUTES = (Public, ); }; };
		9405B7D313D8F47C0088D7DF /* SGEnvelope.m in Sources */ = {isa = PBXBuildFile; fileRef = 9405B7C713D8F47C0088D7DF /* SGEnvelope.m */; };
		9405B7D413D8F47C0088D7DF /* SGGeometry.h in Headers */ = {isa = PBXBuildFile; fileRef = 9405B7C813D8F47C0088D7DF /* SGGeometry.h */; settings = {ATTRIBUTES = (Public, ); }; };
		9405B7D513D8F47C0088D7DF /* SGGeometry.m in Sources */ = {isa = PBXBuildFile; fileRef = 9405B7C913D8F47C0088D7DF /* SGGeometry.m */; };
		9405B7D613D8F47C0088D7DF /* SGMultiPolygon.h in Headers */ = {isa = PBXBuildFile; fileRef = 9405B7CA13D8F47C0088D7DF /* SGMultiPolygon.h */; settings = {ATTRIBUTES = (Public, ); }; };
		9405B7D713D8F47C0088D7DF /* SGMultiPolygon.m in Sources */ = {isa = PBXBuildFile; fileRef = 9405B7CB13D8F47C0088D7DF /* SGMultiPolygon.m */; };
		9405B7D813D8F47C0088D7DF /* SGPoint.h in Headers */ = {isa = PBXBuildFile; fileRef = 9405B7CC13D8F47C0088D7DF /* SGPoint.h */; settings = {ATTRIBUTES = (Public, ); }; };
		9405B7D913D8F47C0088D7DF /* SGPoint.m in Sources */ = {isa = PBXBuildFile; fileRef = 9405B7CD13D8F47C0088D7DF /* SGPoint.m */; };
		9405B7DA13D8F47C0088D7DF /* SGPoint+Private.h in Headers */ = {isa = PBXBuildFile; fileRef = 9405B7CE13D8F47C0088D7DF /* SGPoint+Private.h */; settings = {ATTRIBUTES = (Private, ); }; };
		9405B7DB13D8F47C0088D7DF /* SGPolygon.h in Headers */ = {isa = PBXBuildFile; fileRef = 9405B7CF13D8F47C0088D7DF /* SGPolygon.h */; settings = {ATTRIBUTES = (Public, ); }; };
		9405B7DC13D8F47C0088D7DF /* SGPolygon.m in Sources */ = {isa = PBXBuildFile; fileRef = 9405B7D013D8F47C0088D7DF /* SGPolygon.m */; };
		9405B7DD13D8F47C0088D7DF /* SGPolygon+Private.h in Headers */ = {isa = PBXBuildFile; fileRef = 9405B7D113D8F47C0088D7DF /* SGPolygon+Private.h */; settings = {ATTRIBUTES = (Private, ); }; };
		9405B7E313D8F48B0088D7DF /* NSArray+SGCollection.h in Headers */ = {isa = PBXBuildFile; fileRef = 9405B7DF13D8F48B0088D7DF /* NSArray+SGCollection.h */; settings = {ATTRIBUTES = (Public, ); }; };
		9405B7E413D8F48B0088D7DF /* NSArray+SGCollection.m in Sources */ = {isa = PBXBuildFile; fileRef = 9405B7E013D8F48B0088D7DF /* NSArray+SGCollection.m */; };
		9405B7E513D8F48B0088D7DF /* NSDictionary+Classifier.h in Headers */ = {isa = PBXBuildFile; fileRef = 9405B7E113D8F48B0088D7DF /* NSDictionary+Classifier.h */; settings = {ATTRIBUTES = (Public, ); }; };
		9405B7E613D8F48B0088D7DF /* NSDictionary+Classifier.m in Sources */ = {isa = PBXBuildFile; fileRef = 9405B7E213D8F48B0088D7DF /* NSDictionary+Classifier.m */; };
		9405B7F013D8F4980088D7DF /* SGFeature.h in Headers */ = {isa = PBXBuildFile; fileRef = 9405B7E713D8F4980088D7DF /* SGFeature.h */; settings = {ATTRIBUTES = (Public, ); }; };
		9405B7F113D8F4980088D7DF /* SGFeature.m in Sources */ = {isa = PBXBuildFile; fileRef = 9405B7E813D8F4980088D7DF /* SGFeature.m */; };
		9405B7F213D8F4980088D7DF /* SGObject.h in Headers */ = {isa = PBXBuildFile; fileRef = 9405B7E913D8F4980088D7DF /* SGObject.h */; settings = {ATTRIBUTES = (Public, ); }; };
		9405B7F313D8F4980088D7DF /* SGObject.m in Sources */ = {isa = PBXBuildFile; fileRef = 9405B7EA13D8F4980088D7DF /* SGObject.m */; };
		9405B7F513D8F4980088D7DF /* SGPlace.h in Headers */ = {isa = PBXBuildFile; fileRef = 9405B7EC13D8F4980088D7DF /* SGPlace.h */; settings = {ATTRIBUTES = (Public, ); }; };
		9405B7F613D8F4980088D7DF /* SGPlace.m in Sources */ = {isa = PBXBuildFile; fileRef = 9405B7ED13D8F4980088D7DF /* SGPlace.m */; };
		9405B7F713D8F4980088D7DF /* SGStoredRecord.h in Headers */ = {isa = PBXBuildFile; fileRef = 9405B7EE13D8F4980088D7DF /* SGStoredRecord.h */; settings = {ATTRIBUTES = (Public, ); }; };
		9405B7F813D8F4980088D7DF /* SGStoredRecord.m in Sources */ = {isa = PBXBuildFile; fileRef = 9405B7EF13D8F4980088D7DF /* SGStoredRecord.m */; };
		9405B7F913D8F56A0088D7DF /* GHUnitTestMain.m in Sources */ = {isa = PBXBuildFile; fileRef = 9405B77413D8F3C90088D7DF /* GHUnitTestMain.m */; };
		9405B7FA13D8F56B0088D7DF /* SGFeatureTest.m in Sources */ = {isa = PBXBuildFile; fileRef = 9405B77513D8F3C90088D7DF /* SGFeatureTest.m */; };
		9405B7FB13D8F56D0088D7DF /* SGGeometryTest.m in Sources */ = {isa = PBXBuildFile; fileRef = 9405B77613D8F3C90088D7DF /* SGGeometryTest.m */; };
		9405B7FD13D8F5720088D7DF /* SimpleGeoTest.h in Sources */ = {isa = PBXBuildFile; fileRef = 9405B77813D8F3C90088D7DF /* SimpleGeoTest.h */; };
		9405B7FE13D8F5740088D7DF /* SimpleGeoTest.m in Sources */ = {isa = PBXBuildFile; fileRef = 9405B77913D8F3C90088D7DF /* SimpleGeoTest.m */; };
		9405B7FF13D8F5750088D7DF /* SimpleGeoTest+Context.m in Sources */ = {isa = PBXBuildFile; fileRef = 9405B77A13D8F3C90088D7DF /* SimpleGeoTest+Context.m */; };
		9405B80013D8F5780088D7DF /* SimpleGeoTest+Features.m in Sources */ = {isa = PBXBuildFile; fileRef = 9405B77B13D8F3C90088D7DF /* SimpleGeoTest+Features.m */; };
		9405B80113D8F5810088D7DF /* SimpleGeoTest+Places.m in Sources */ = {isa = PBXBuildFile; fileRef = 9405B77C13D8F3C90088D7DF /* SimpleGeoTest+Places.m */; };
		9405B80213D8F5830088D7DF /* SimpleGeoTest+Storage.m in Sources */ = {isa = PBXBuildFile; fileRef = 9405B77D13D8F3C90088D7DF /* SimpleGeoTest+Storage.m */; };
		9405B80313D8F5850088D7DF /* SimpleGeoTestSettings.h in Sources */ = {isa = PBXBuildFile; fileRef = 9405B77F13D8F3C90088D7DF /* SimpleGeoTestSettings.h */; };
		940F60D813D09D40004FA337 /* ASICacheDelegate.h in Headers */ = {isa = PBXBuildFile; fileRef = 940F601C13D09D40004FA337 /* ASICacheDelegate.h */; settings = {ATTRIBUTES = (Public, ); }; };
		940F60D913D09D40004FA337 /* ASIDataCompressor.h in Headers */ = {isa = PBXBuildFile; fileRef = 940F601D13D09D40004FA337 /* ASIDataCompressor.h */; settings = {ATTRIBUTES = (Public, ); }; };
		940F60DA13D09D40004FA337 /* ASIDataCompressor.m in Sources */ = {isa = PBXBuildFile; fileRef = 940F601E13D09D40004FA337 /* ASIDataCompressor.m */; };
		940F60DB13D09D40004FA337 /* ASIDataDecompressor.h in Headers */ = {isa = PBXBuildFile; fileRef = 940F601F13D09D40004FA337 /* ASIDataDecompressor.h */; settings = {ATTRIBUTES = (Public, ); }; };
		940F60DC13D09D40004FA337 /* ASIDataDecompressor.m in Sources */ = {isa = PBXBuildFile; fileRef = 940F602013D09D40004FA337 /* ASIDataDecompressor.m */; };
		940F60DD13D09D40004FA337 /* ASIDownloadCache.h in Headers */ = {isa = PBXBuildFile; fileRef = 940F602113D09D40004FA337 /* ASIDownloadCache.h */; settings = {ATTRIBUTES = (Public, ); }; };
		940F60DE13D09D40004FA337 /* ASIDownloadCache.m in Sources */ = {isa = PBXBuildFile; fileRef = 940F602213D09D40004FA337 /* ASIDownloadCache.m */; };
		940F60DF13D09D40004FA337 /* ASIFormDataRequest.h in Headers */ = {isa = PBXBuildFile; fileRef = 940F602313D09D40004FA337 /* ASIFormDataRequest.h */; settings = {ATTRIBUTES = (Public, ); }; };
		940F60E013D09D40004FA337 /* ASIFormDataRequest.m in Sources */ = {isa = PBXBuildFile; fileRef = 940F602413D09D40004FA337 /* ASIFormDataRequest.m */; };
		940F60E113D09D40004FA337 /* ASIHTTPRequest.h in Headers */ = {isa = PBXBuildFile; fileRef = 940F602513D09D40004FA337 /* ASIHTTPRequest.h */; settings = {ATTRIBUTES = (Public, ); }; };
		940F60E213D09D40004FA337 /* ASIHTTPRequest.m in Sources */ = {isa = PBXBuildFile; fileRef = 940F602613D09D40004FA337 /* ASIHTTPRequest.m */; };
		940F60E313D09D40004FA337 /* ASIHTTPRequestConfig.h in Headers */ = {isa = PBXBuildFile; fileRef = 940F602713D09D40004FA337 /* ASIHTTPRequestConfig.h */; settings = {ATTRIBUTES = (Public, ); }; };
		940F60E413D09D40004FA337 /* ASIHTTPRequestDelegate.h in Headers */ = {isa = PBXBuildFile; fileRef = 940F602813D09D40004FA337 /* ASIHTTPRequestDelegate.h */; settings = {ATTRIBUTES = (Public, ); }; };
		940F60E513D09D40004FA337 /* ASIInputStream.h in Headers */ = {isa = PBXBuildFile; fileRef = 940F602913D09D40004FA337 /* ASIInputStream.h */; settings = {ATTRIBUTES = (Public, ); }; };
		940F60E613D09D40004FA337 /* ASIInputStream.m in Sources */ = {isa = PBXBuildFile; fileRef = 940F602A13D09D40004FA337 /* ASIInputStream.m */; };
		940F60E713D09D40004FA337 /* ASINetworkQueue.h in Headers */ = {isa = PBXBuildFile; fileRef = 940F602B13D09D40004FA337 /* ASINetworkQueue.h */; settings = {ATTRIBUTES = (Public, ); }; };
		940F60E813D09D40004FA337 /* ASINetworkQueue.m in Sources */ = {isa = PBXBuildFile; fileRef = 940F602C13D09D40004FA337 /* ASINetworkQueue.m */; };
		940F60E913D09D40004FA337 /* ASIProgressDelegate.h in Headers */ = {isa = PBXBuildFile; fileRef = 940F602D13D09D40004FA337 /* ASIProgressDelegate.h */; settings = {ATTRIBUTES = (Public, ); }; };
		940F61FB13D09D60004FA337 /* ASIFormDataRequest+OAuth.h in Headers */ = {isa = PBXBuildFile; fileRef = 940F61C213D09D60004FA337 /* ASIFormDataRequest+OAuth.h */; settings = {ATTRIBUTES = (Public, ); }; };
		940F61FC13D09D60004FA337 /* ASIFormDataRequest+OAuth.m in Sources */ = {isa = PBXBuildFile; fileRef = 940F61C313D09D60004FA337 /* ASIFormDataRequest+OAuth.m */; };
		940F61FD13D09D60004FA337 /* ASIHTTPRequest+OAuth.h in Headers */ = {isa = PBXBuildFile; fileRef = 940F61C413D09D60004FA337 /* ASIHTTPRequest+OAuth.h */; settings = {ATTRIBUTES = (Public, ); }; };
		940F61FE13D09D60004FA337 /* ASIHTTPRequest+OAuth.m in Sources */ = {isa = PBXBuildFile; fileRef = 940F61C513D09D60004FA337 /* ASIHTTPRequest+OAuth.m */; };
		940F620013D09D60004FA337 /* NSData+Base64.h in Headers */ = {isa = PBXBuildFile; fileRef = 940F61C713D09D60004FA337 /* NSData+Base64.h */; settings = {ATTRIBUTES = (); }; };
		940F620113D09D60004FA337 /* NSData+Base64.m in Sources */ = {isa = PBXBuildFile; fileRef = 940F61C813D09D60004FA337 /* NSData+Base64.m */; };
		940F620213D09D60004FA337 /* NSString+URLEncode.h in Headers */ = {isa = PBXBuildFile; fileRef = 940F61C913D09D60004FA337 /* NSString+URLEncode.h */; settings = {ATTRIBUTES = (); }; };
		940F620313D09D60004FA337 /* NSString+URLEncode.m in Sources */ = {isa = PBXBuildFile; fileRef = 940F61CA13D09D60004FA337 /* NSString+URLEncode.m */; };
		940F621413D0AE66004FA337 /* YAJL.framework in Frameworks */ = {isa = PBXBuildFile; fileRef = 940F621213D0AE66004FA337 /* YAJL.framework */; };
		940F621513D0AE83004FA337 /* GHUnit.framework in Frameworks */ = {isa = PBXBuildFile; fileRef = 940F621113D0AE66004FA337 /* GHUnit.framework */; };
		940F621613D0AE85004FA337 /* GHUnit.framework in CopyFiles */ = {isa = PBXBuildFile; fileRef = 940F621113D0AE66004FA337 /* GHUnit.framework */; };
		944FE58313CF4FA0009A1C2F /* SimpleGeo.framework in Frameworks */ = {isa = PBXBuildFile; fileRef = 8DC2EF5B0486A6940098B216 /* SimpleGeo.framework */; };
		944FE58413CF4FB6009A1C2F /* SimpleGeo.framework in CopyFiles */ = {isa = PBXBuildFile; fileRef = 8DC2EF5B0486A6940098B216 /* SimpleGeo.framework */; };
/* End PBXBuildFile section */

/* Begin PBXContainerItemProxy section */
		5DA3C35F128E44B700E128DC /* PBXContainerItemProxy */ = {
			isa = PBXContainerItemProxy;
			containerPortal = 0867D690FE84028FC02AAC07 /* Project object */;
			proxyType = 1;
			remoteGlobalIDString = 8DC2EF4F0486A6940098B216;
			remoteInfo = SimpleGeo;
		};
/* End PBXContainerItemProxy section */

/* Begin PBXCopyFilesBuildPhase section */
		5DF08A6312AF3ED7007A8A60 /* CopyFiles */ = {
			isa = PBXCopyFilesBuildPhase;
			buildActionMask = 2147483647;
			dstPath = "";
			dstSubfolderSpec = 10;
			files = (
				944FE58413CF4FB6009A1C2F /* SimpleGeo.framework in CopyFiles */,
				940F621613D0AE85004FA337 /* GHUnit.framework in CopyFiles */,
			);
			runOnlyForDeploymentPostprocessing = 0;
		};
/* End PBXCopyFilesBuildPhase section */

/* Begin PBXFileReference section */
		0867D69BFE84028FC02AAC07 /* Foundation.framework */ = {isa = PBXFileReference; lastKnownFileType = wrapper.framework; name = Foundation.framework; path = /System/Library/Frameworks/Foundation.framework; sourceTree = "<absolute>"; };
		089C1667FE841158C02AAC07 /* English */ = {isa = PBXFileReference; fileEncoding = 4; lastKnownFileType = text.plist.strings; name = English; path = English.lproj/InfoPlist.strings; sourceTree = "<group>"; };
		32DBCF5E0370ADEE00C91783 /* SimpleGeo_Prefix.pch */ = {isa = PBXFileReference; fileEncoding = 4; lastKnownFileType = sourcecode.c.h; path = SimpleGeo_Prefix.pch; sourceTree = "<group>"; };
		5D39924E12A571C000EB7B20 /* RunTests.sh */ = {isa = PBXFileReference; fileEncoding = 4; lastKnownFileType = text.script.sh; name = RunTests.sh; path = scripts/RunTests.sh; sourceTree = "<group>"; };
		5D4A79B112F211CA00A2C443 /* Global.xcconfig */ = {isa = PBXFileReference; fileEncoding = 4; lastKnownFileType = text.xcconfig; path = Global.xcconfig; sourceTree = "<group>"; };
		5D5AD28412DD1CF5008810F0 /* ASIBase64Transcoder.c */ = {isa = PBXFileReference; fileEncoding = 4; lastKnownFileType = sourcecode.c.c; name = ASIBase64Transcoder.c; path = ext/TouchFoundation/ASIBase64Transcoder.c; sourceTree = "<group>"; };
		5D5AD28512DD1CF5008810F0 /* ASIBase64Transcoder.h */ = {isa = PBXFileReference; fileEncoding = 4; lastKnownFileType = sourcecode.c.h; name = ASIBase64Transcoder.h; path = ext/TouchFoundation/ASIBase64Transcoder.h; sourceTree = "<group>"; };
		5D7674B612909AAB006B7D51 /* SystemConfiguration.framework */ = {isa = PBXFileReference; lastKnownFileType = wrapper.framework; name = SystemConfiguration.framework; path = System/Library/Frameworks/SystemConfiguration.framework; sourceTree = SDKROOT; };
		5D7674BA12909ABA006B7D51 /* libz.dylib */ = {isa = PBXFileReference; lastKnownFileType = "compiled.mach-o.dylib"; name = libz.dylib; path = usr/lib/libz.dylib; sourceTree = SDKROOT; };
		5D7674BC12909ACB006B7D51 /* CoreServices.framework */ = {isa = PBXFileReference; lastKnownFileType = wrapper.framework; name = CoreServices.framework; path = System/Library/Frameworks/CoreServices.framework; sourceTree = SDKROOT; };
		5D79620D12E114B400B33631 /* Shared-OSX.xcconfig */ = {isa = PBXFileReference; fileEncoding = 4; lastKnownFileType = text.xcconfig; path = "Shared-OSX.xcconfig"; sourceTree = "<group>"; };
		5D79620F12E1151100B33631 /* Debug-OSX.xcconfig */ = {isa = PBXFileReference; fileEncoding = 4; lastKnownFileType = text.xcconfig; path = "Debug-OSX.xcconfig"; sourceTree = "<group>"; };
		5D79621112E1153400B33631 /* Release-OSX.xcconfig */ = {isa = PBXFileReference; fileEncoding = 4; lastKnownFileType = text.xcconfig; path = "Release-OSX.xcconfig"; sourceTree = "<group>"; };
		5D8C15DA129DE7C4002F8C01 /* Cocoa.framework */ = {isa = PBXFileReference; lastKnownFileType = wrapper.framework; name = Cocoa.framework; path = System/Library/Frameworks/Cocoa.framework; sourceTree = SDKROOT; };
		5D8C15E6129DE86E002F8C01 /* AppKit.framework */ = {isa = PBXFileReference; lastKnownFileType = wrapper.framework; name = AppKit.framework; path = System/Library/Frameworks/AppKit.framework; sourceTree = SDKROOT; };
		5DA3C353128E448800E128DC /* Tests.app */ = {isa = PBXFileReference; explicitFileType = wrapper.application; includeInIndex = 0; path = Tests.app; sourceTree = BUILT_PRODUCTS_DIR; };
		5DA3C355128E448800E128DC /* Tests-Info.plist */ = {isa = PBXFileReference; lastKnownFileType = text.plist.xml; path = "Tests-Info.plist"; sourceTree = "<group>"; };
		8DC2EF5A0486A6940098B216 /* Info.plist */ = {isa = PBXFileReference; fileEncoding = 4; lastKnownFileType = text.plist.xml; path = Info.plist; sourceTree = "<group>"; };
		8DC2EF5B0486A6940098B216 /* SimpleGeo.framework */ = {isa = PBXFileReference; explicitFileType = wrapper.framework; includeInIndex = 0; path = SimpleGeo.framework; sourceTree = BUILT_PRODUCTS_DIR; };
		9405B77413D8F3C90088D7DF /* GHUnitTestMain.m */ = {isa = PBXFileReference; fileEncoding = 4; lastKnownFileType = sourcecode.c.objc; name = GHUnitTestMain.m; path = Tests/GHUnitTestMain.m; sourceTree = "<group>"; };
		9405B77513D8F3C90088D7DF /* SGFeatureTest.m */ = {isa = PBXFileReference; fileEncoding = 4; lastKnownFileType = sourcecode.c.objc; name = SGFeatureTest.m; path = Tests/SGFeatureTest.m; sourceTree = "<group>"; };
		9405B77613D8F3C90088D7DF /* SGGeometryTest.m */ = {isa = PBXFileReference; fileEncoding = 4; lastKnownFileType = sourcecode.c.objc; name = SGGeometryTest.m; path = Tests/SGGeometryTest.m; sourceTree = "<group>"; };
		9405B77813D8F3C90088D7DF /* SimpleGeoTest.h */ = {isa = PBXFileReference; fileEncoding = 4; lastKnownFileType = sourcecode.c.h; name = SimpleGeoTest.h; path = Tests/SimpleGeoTest.h; sourceTree = "<group>"; };
		9405B77913D8F3C90088D7DF /* SimpleGeoTest.m */ = {isa = PBXFileReference; fileEncoding = 4; lastKnownFileType = sourcecode.c.objc; name = SimpleGeoTest.m; path = Tests/SimpleGeoTest.m; sourceTree = "<group>"; };
		9405B77A13D8F3C90088D7DF /* SimpleGeoTest+Context.m */ = {isa = PBXFileReference; fileEncoding = 4; lastKnownFileType = sourcecode.c.objc; name = "SimpleGeoTest+Context.m"; path = "Tests/SimpleGeoTest+Context.m"; sourceTree = "<group>"; };
		9405B77B13D8F3C90088D7DF /* SimpleGeoTest+Features.m */ = {isa = PBXFileReference; fileEncoding = 4; lastKnownFileType = sourcecode.c.objc; name = "SimpleGeoTest+Features.m"; path = "Tests/SimpleGeoTest+Features.m"; sourceTree = "<group>"; };
		9405B77C13D8F3C90088D7DF /* SimpleGeoTest+Places.m */ = {isa = PBXFileReference; fileEncoding = 4; lastKnownFileType = sourcecode.c.objc; name = "SimpleGeoTest+Places.m"; path = "Tests/SimpleGeoTest+Places.m"; sourceTree = "<group>"; };
		9405B77D13D8F3C90088D7DF /* SimpleGeoTest+Storage.m */ = {isa = PBXFileReference; fileEncoding = 4; lastKnownFileType = sourcecode.c.objc; name = "SimpleGeoTest+Storage.m"; path = "Tests/SimpleGeoTest+Storage.m"; sourceTree = "<group>"; };
		9405B77F13D8F3C90088D7DF /* SimpleGeoTestSettings.h */ = {isa = PBXFileReference; fileEncoding = 4; lastKnownFileType = sourcecode.c.h; name = SimpleGeoTestSettings.h; path = Tests/SimpleGeoTestSettings.h; sourceTree = "<group>"; };
		9405B78E13D8F3FA0088D7DF /* SGCategories.h */ = {isa = PBXFileReference; fileEncoding = 4; lastKnownFileType = sourcecode.c.h; name = SGCategories.h; path = Classes/Client/Params/SGCategories.h; sourceTree = "<group>"; };
		9405B78F13D8F3FA0088D7DF /* SGTypes.h */ = {isa = PBXFileReference; fileEncoding = 4; lastKnownFileType = sourcecode.c.h; name = SGTypes.h; path = Classes/Client/Params/SGTypes.h; sourceTree = "<group>"; };
		9405B79013D8F3FA0088D7DF /* SGTypes.m */ = {isa = PBXFileReference; fileEncoding = 4; lastKnownFileType = sourcecode.c.objc; name = SGTypes.m; path = Classes/Client/Params/SGTypes.m; sourceTree = "<group>"; };
		9405B79413D8F4070088D7DF /* SGCallback.h */ = {isa = PBXFileReference; fileEncoding = 4; lastKnownFileType = sourcecode.c.h; name = SGCallback.h; path = Classes/Client/SGCallback.h; sourceTree = "<group>"; };
		9405B79513D8F4070088D7DF /* SGCallback.m */ = {isa = PBXFileReference; fileEncoding = 4; lastKnownFileType = sourcecode.c.objc; name = SGCallback.m; path = Classes/Client/SGCallback.m; sourceTree = "<group>"; };
		9405B79613D8F4070088D7DF /* SimpleGeo.h */ = {isa = PBXFileReference; fileEncoding = 4; lastKnownFileType = sourcecode.c.h; name = SimpleGeo.h; path = Classes/Client/SimpleGeo.h; sourceTree = "<group>"; };
		9405B79713D8F4070088D7DF /* SimpleGeo.m */ = {isa = PBXFileReference; fileEncoding = 4; lastKnownFileType = sourcecode.c.objc; name = SimpleGeo.m; path = Classes/Client/SimpleGeo.m; sourceTree = "<group>"; };
		9405B79813D8F4070088D7DF /* SimpleGeo+Internal.h */ = {isa = PBXFileReference; fileEncoding = 4; lastKnownFileType = sourcecode.c.h; name = "SimpleGeo+Internal.h"; path = "Classes/Client/SimpleGeo+Internal.h"; sourceTree = "<group>"; };
		9405B79913D8F4070088D7DF /* SimpleGeo+Internal.m */ = {isa = PBXFileReference; fileEncoding = 4; lastKnownFileType = sourcecode.c.objc; name = "SimpleGeo+Internal.m"; path = "Classes/Client/SimpleGeo+Internal.m"; sourceTree = "<group>"; };
		9405B7A013D8F41E0088D7DF /* SGContextQuery.h */ = {isa = PBXFileReference; fileEncoding = 4; lastKnownFileType = sourcecode.c.h; name = SGContextQuery.h; path = Classes/Client/Queries/SGContextQuery.h; sourceTree = "<group>"; };
		9405B7A113D8F41E0088D7DF /* SGContextQuery.m */ = {isa = PBXFileReference; fileEncoding = 4; lastKnownFileType = sourcecode.c.objc; name = SGContextQuery.m; path = Classes/Client/Queries/SGContextQuery.m; sourceTree = "<group>"; };
		9405B7A213D8F41E0088D7DF /* SGNearbyQuery.h */ = {isa = PBXFileReference; fileEncoding = 4; lastKnownFileType = sourcecode.c.h; name = SGNearbyQuery.h; path = Classes/Client/Queries/SGNearbyQuery.h; sourceTree = "<group>"; };
		9405B7A313D8F41E0088D7DF /* SGNearbyQuery.m */ = {isa = PBXFileReference; fileEncoding = 4; lastKnownFileType = sourcecode.c.objc; name = SGNearbyQuery.m; path = Classes/Client/Queries/SGNearbyQuery.m; sourceTree = "<group>"; };
		9405B7A413D8F41E0088D7DF /* SGPlacesQuery.h */ = {isa = PBXFileReference; fileEncoding = 4; lastKnownFileType = sourcecode.c.h; name = SGPlacesQuery.h; path = Classes/Client/Queries/SGPlacesQuery.h; sourceTree = "<group>"; };
		9405B7A513D8F41E0088D7DF /* SGPlacesQuery.m */ = {isa = PBXFileReference; fileEncoding = 4; lastKnownFileType = sourcecode.c.objc; name = SGPlacesQuery.m; path = Classes/Client/Queries/SGPlacesQuery.m; sourceTree = "<group>"; };
		9405B7A613D8F41E0088D7DF /* SGQuery.h */ = {isa = PBXFileReference; fileEncoding = 4; lastKnownFileType = sourcecode.c.h; name = SGQuery.h; path = Classes/Client/Queries/SGQuery.h; sourceTree = "<group>"; };
		9405B7A713D8F41E0088D7DF /* SGQuery.m */ = {isa = PBXFileReference; fileEncoding = 4; lastKnownFileType = sourcecode.c.objc; name = SGQuery.m; path = Classes/Client/Queries/SGQuery.m; sourceTree = "<group>"; };
		9405B7A913D8F41E0088D7DF /* SGStorageQuery.h */ = {isa = PBXFileReference; fileEncoding = 4; lastKnownFileType = sourcecode.c.h; name = SGStorageQuery.h; path = Classes/Client/Queries/SGStorageQuery.h; sourceTree = "<group>"; };
		9405B7AA13D8F41E0088D7DF /* SGStorageQuery.m */ = {isa = PBXFileReference; fileEncoding = 4; lastKnownFileType = sourcecode.c.objc; name = SGStorageQuery.m; path = Classes/Client/Queries/SGStorageQuery.m; sourceTree = "<group>"; };
		9405B7B613D8F4230088D7DF /* SimpleGeo+Context.h */ = {isa = PBXFileReference; fileEncoding = 4; lastKnownFileType = sourcecode.c.h; name = "SimpleGeo+Context.h"; path = "Classes/Client/Services/SimpleGeo+Context.h"; sourceTree = "<group>"; };
		9405B7B713D8F4230088D7DF /* SimpleGeo+Context.m */ = {isa = PBXFileReference; fileEncoding = 4; lastKnownFileType = sourcecode.c.objc; name = "SimpleGeo+Context.m"; path = "Classes/Client/Services/SimpleGeo+Context.m"; sourceTree = "<group>"; };
		9405B7B813D8F4230088D7DF /* SimpleGeo+Features.h */ = {isa = PBXFileReference; fileEncoding = 4; lastKnownFileType = sourcecode.c.h; name = "SimpleGeo+Features.h"; path = "Classes/Client/Services/SimpleGeo+Features.h"; sourceTree = "<group>"; };
		9405B7B913D8F4230088D7DF /* SimpleGeo+Features.m */ = {isa = PBXFileReference; fileEncoding = 4; lastKnownFileType = sourcecode.c.objc; name = "SimpleGeo+Features.m"; path = "Classes/Client/Services/SimpleGeo+Features.m"; sourceTree = "<group>"; };
		9405B7BA13D8F4230088D7DF /* SimpleGeo+Places.h */ = {isa = PBXFileReference; fileEncoding = 4; lastKnownFileType = sourcecode.c.h; name = "SimpleGeo+Places.h"; path = "Classes/Client/Services/SimpleGeo+Places.h"; sourceTree = "<group>"; };
		9405B7BB13D8F4230088D7DF /* SimpleGeo+Places.m */ = {isa = PBXFileReference; fileEncoding = 4; lastKnownFileType = sourcecode.c.objc; name = "SimpleGeo+Places.m"; path = "Classes/Client/Services/SimpleGeo+Places.m"; sourceTree = "<group>"; };
		9405B7BC13D8F4230088D7DF /* SimpleGeo+Storage.h */ = {isa = PBXFileReference; fileEncoding = 4; lastKnownFileType = sourcecode.c.h; name = "SimpleGeo+Storage.h"; path = "Classes/Client/Services/SimpleGeo+Storage.h"; sourceTree = "<group>"; };
		9405B7BD13D8F4230088D7DF /* SimpleGeo+Storage.m */ = {isa = PBXFileReference; fileEncoding = 4; lastKnownFileType = sourcecode.c.objc; name = "SimpleGeo+Storage.m"; path = "Classes/Client/Services/SimpleGeo+Storage.m"; sourceTree = "<group>"; };
		9405B7C613D8F47C0088D7DF /* SGEnvelope.h */ = {isa = PBXFileReference; fileEncoding = 4; lastKnownFileType = sourcecode.c.h; name = SGEnvelope.h; path = Classes/Model/Geometries/SGEnvelope.h; sourceTree = "<group>"; };
		9405B7C713D8F47C0088D7DF /* SGEnvelope.m */ = {isa = PBXFileReference; fileEncoding = 4; lastKnownFileType = sourcecode.c.objc; name = SGEnvelope.m; path = Classes/Model/Geometries/SGEnvelope.m; sourceTree = "<group>"; };
		9405B7C813D8F47C0088D7DF /* SGGeometry.h */ = {isa = PBXFileReference; fileEncoding = 4; lastKnownFileType = sourcecode.c.h; name = SGGeometry.h; path = Classes/Model/Geometries/SGGeometry.h; sourceTree = "<group>"; };
		9405B7C913D8F47C0088D7DF /* SGGeometry.m */ = {isa = PBXFileReference; fileEncoding = 4; lastKnownFileType = sourcecode.c.objc; name = SGGeometry.m; path = Classes/Model/Geometries/SGGeometry.m; sourceTree = "<group>"; };
		9405B7CA13D8F47C0088D7DF /* SGMultiPolygon.h */ = {isa = PBXFileReference; fileEncoding = 4; lastKnownFileType = sourcecode.c.h; name = SGMultiPolygon.h; path = Classes/Model/Geometries/SGMultiPolygon.h; sourceTree = "<group>"; };
		9405B7CB13D8F47C0088D7DF /* SGMultiPolygon.m */ = {isa = PBXFileReference; fileEncoding = 4; lastKnownFileType = sourcecode.c.objc; name = SGMultiPolygon.m; path = Classes/Model/Geometries/SGMultiPolygon.m; sourceTree = "<group>"; };
		9405B7CC13D8F47C0088D7DF /* SGPoint.h */ = {isa = PBXFileReference; fileEncoding = 4; lastKnownFileType = sourcecode.c.h; name = SGPoint.h; path = Classes/Model/Geometries/SGPoint.h; sourceTree = "<group>"; };
		9405B7CD13D8F47C0088D7DF /* SGPoint.m */ = {isa = PBXFileReference; fileEncoding = 4; lastKnownFileType = sourcecode.c.objc; name = SGPoint.m; path = Classes/Model/Geometries/SGPoint.m; sourceTree = "<group>"; };
		9405B7CE13D8F47C0088D7DF /* SGPoint+Private.h */ = {isa = PBXFileReference; fileEncoding = 4; lastKnownFileType = sourcecode.c.h; name = "SGPoint+Private.h"; path = "Classes/Model/Geometries/SGPoint+Private.h"; sourceTree = "<group>"; };
		9405B7CF13D8F47C0088D7DF /* SGPolygon.h */ = {isa = PBXFileReference; fileEncoding = 4; lastKnownFileType = sourcecode.c.h; name = SGPolygon.h; path = Classes/Model/Geometries/SGPolygon.h; sourceTree = "<group>"; };
		9405B7D013D8F47C0088D7DF /* SGPolygon.m */ = {isa = PBXFileReference; fileEncoding = 4; lastKnownFileType = sourcecode.c.objc; name = SGPolygon.m; path = Classes/Model/Geometries/SGPolygon.m; sourceTree = "<group>"; };
		9405B7D113D8F47C0088D7DF /* SGPolygon+Private.h */ = {isa = PBXFileReference; fileEncoding = 4; lastKnownFileType = sourcecode.c.h; name = "SGPolygon+Private.h"; path = "Classes/Model/Geometries/SGPolygon+Private.h"; sourceTree = "<group>"; };
		9405B7DF13D8F48B0088D7DF /* NSArray+SGCollection.h */ = {isa = PBXFileReference; fileEncoding = 4; lastKnownFileType = sourcecode.c.h; name = "NSArray+SGCollection.h"; path = "Classes/Model/Additions/NSArray+SGCollection.h"; sourceTree = "<group>"; };
		9405B7E013D8F48B0088D7DF /* NSArray+SGCollection.m */ = {isa = PBXFileReference; fileEncoding = 4; lastKnownFileType = sourcecode.c.objc; name = "NSArray+SGCollection.m"; path = "Classes/Model/Additions/NSArray+SGCollection.m"; sourceTree = "<group>"; };
		9405B7E113D8F48B0088D7DF /* NSDictionary+Classifier.h */ = {isa = PBXFileReference; fileEncoding = 4; lastKnownFileType = sourcecode.c.h; name = "NSDictionary+Classifier.h"; path = "Classes/Model/Additions/NSDictionary+Classifier.h"; sourceTree = "<group>"; };
		9405B7E213D8F48B0088D7DF /* NSDictionary+Classifier.m */ = {isa = PBXFileReference; fileEncoding = 4; lastKnownFileType = sourcecode.c.objc; name = "NSDictionary+Classifier.m"; path = "Classes/Model/Additions/NSDictionary+Classifier.m"; sourceTree = "<group>"; };
		9405B7E713D8F4980088D7DF /* SGFeature.h */ = {isa = PBXFileReference; fileEncoding = 4; lastKnownFileType = sourcecode.c.h; name = SGFeature.h; path = Classes/Model/SGFeature.h; sourceTree = "<group>"; };
		9405B7E813D8F4980088D7DF /* SGFeature.m */ = {isa = PBXFileReference; fileEncoding = 4; lastKnownFileType = sourcecode.c.objc; name = SGFeature.m; path = Classes/Model/SGFeature.m; sourceTree = "<group>"; };
		9405B7E913D8F4980088D7DF /* SGObject.h */ = {isa = PBXFileReference; fileEncoding = 4; lastKnownFileType = sourcecode.c.h; name = SGObject.h; path = Classes/Model/SGObject.h; sourceTree = "<group>"; };
		9405B7EA13D8F4980088D7DF /* SGObject.m */ = {isa = PBXFileReference; fileEncoding = 4; lastKnownFileType = sourcecode.c.objc; name = SGObject.m; path = Classes/Model/SGObject.m; sourceTree = "<group>"; };
		9405B7EC13D8F4980088D7DF /* SGPlace.h */ = {isa = PBXFileReference; fileEncoding = 4; lastKnownFileType = sourcecode.c.h; name = SGPlace.h; path = Classes/Model/SGPlace.h; sourceTree = "<group>"; };
		9405B7ED13D8F4980088D7DF /* SGPlace.m */ = {isa = PBXFileReference; fileEncoding = 4; lastKnownFileType = sourcecode.c.objc; name = SGPlace.m; path = Classes/Model/SGPlace.m; sourceTree = "<group>"; };
		9405B7EE13D8F4980088D7DF /* SGStoredRecord.h */ = {isa = PBXFileReference; fileEncoding = 4; lastKnownFileType = sourcecode.c.h; name = SGStoredRecord.h; path = Classes/Model/SGStoredRecord.h; sourceTree = "<group>"; };
		9405B7EF13D8F4980088D7DF /* SGStoredRecord.m */ = {isa = PBXFileReference; fileEncoding = 4; lastKnownFileType = sourcecode.c.objc; name = SGStoredRecord.m; path = Classes/Model/SGStoredRecord.m; sourceTree = "<group>"; };
		940F601C13D09D40004FA337 /* ASICacheDelegate.h */ = {isa = PBXFileReference; fileEncoding = 4; lastKnownFileType = sourcecode.c.h; path = ASICacheDelegate.h; sourceTree = "<group>"; };
		940F601D13D09D40004FA337 /* ASIDataCompressor.h */ = {isa = PBXFileReference; fileEncoding = 4; lastKnownFileType = sourcecode.c.h; path = ASIDataCompressor.h; sourceTree = "<group>"; };
		940F601E13D09D40004FA337 /* ASIDataCompressor.m */ = {isa = PBXFileReference; fileEncoding = 4; lastKnownFileType = sourcecode.c.objc; path = ASIDataCompressor.m; sourceTree = "<group>"; };
		940F601F13D09D40004FA337 /* ASIDataDecompressor.h */ = {isa = PBXFileReference; fileEncoding = 4; lastKnownFileType = sourcecode.c.h; path = ASIDataDecompressor.h; sourceTree = "<group>"; };
		940F602013D09D40004FA337 /* ASIDataDecompressor.m */ = {isa = PBXFileReference; fileEncoding = 4; lastKnownFileType = sourcecode.c.objc; path = ASIDataDecompressor.m; sourceTree = "<group>"; };
		940F602113D09D40004FA337 /* ASIDownloadCache.h */ = {isa = PBXFileReference; fileEncoding = 4; lastKnownFileType = sourcecode.c.h; path = ASIDownloadCache.h; sourceTree = "<group>"; };
		940F602213D09D40004FA337 /* ASIDownloadCache.m */ = {isa = PBXFileReference; fileEncoding = 4; lastKnownFileType = sourcecode.c.objc; path = ASIDownloadCache.m; sourceTree = "<group>"; };
		940F602313D09D40004FA337 /* ASIFormDataRequest.h */ = {isa = PBXFileReference; fileEncoding = 4; lastKnownFileType = sourcecode.c.h; path = ASIFormDataRequest.h; sourceTree = "<group>"; };
		940F602413D09D40004FA337 /* ASIFormDataRequest.m */ = {isa = PBXFileReference; fileEncoding = 4; lastKnownFileType = sourcecode.c.objc; path = ASIFormDataRequest.m; sourceTree = "<group>"; };
		940F602513D09D40004FA337 /* ASIHTTPRequest.h */ = {isa = PBXFileReference; fileEncoding = 4; lastKnownFileType = sourcecode.c.h; path = ASIHTTPRequest.h; sourceTree = "<group>"; };
		940F602613D09D40004FA337 /* ASIHTTPRequest.m */ = {isa = PBXFileReference; fileEncoding = 4; lastKnownFileType = sourcecode.c.objc; path = ASIHTTPRequest.m; sourceTree = "<group>"; };
		940F602713D09D40004FA337 /* ASIHTTPRequestConfig.h */ = {isa = PBXFileReference; fileEncoding = 4; lastKnownFileType = sourcecode.c.h; path = ASIHTTPRequestConfig.h; sourceTree = "<group>"; };
		940F602813D09D40004FA337 /* ASIHTTPRequestDelegate.h */ = {isa = PBXFileReference; fileEncoding = 4; lastKnownFileType = sourcecode.c.h; path = ASIHTTPRequestDelegate.h; sourceTree = "<group>"; };
		940F602913D09D40004FA337 /* ASIInputStream.h */ = {isa = PBXFileReference; fileEncoding = 4; lastKnownFileType = sourcecode.c.h; path = ASIInputStream.h; sourceTree = "<group>"; };
		940F602A13D09D40004FA337 /* ASIInputStream.m */ = {isa = PBXFileReference; fileEncoding = 4; lastKnownFileType = sourcecode.c.objc; path = ASIInputStream.m; sourceTree = "<group>"; };
		940F602B13D09D40004FA337 /* ASINetworkQueue.h */ = {isa = PBXFileReference; fileEncoding = 4; lastKnownFileType = sourcecode.c.h; path = ASINetworkQueue.h; sourceTree = "<group>"; };
		940F602C13D09D40004FA337 /* ASINetworkQueue.m */ = {isa = PBXFileReference; fileEncoding = 4; lastKnownFileType = sourcecode.c.objc; path = ASINetworkQueue.m; sourceTree = "<group>"; };
		940F602D13D09D40004FA337 /* ASIProgressDelegate.h */ = {isa = PBXFileReference; fileEncoding = 4; lastKnownFileType = sourcecode.c.h; path = ASIProgressDelegate.h; sourceTree = "<group>"; };
		940F61C213D09D60004FA337 /* ASIFormDataRequest+OAuth.h */ = {isa = PBXFileReference; fileEncoding = 4; lastKnownFileType = sourcecode.c.h; path = "ASIFormDataRequest+OAuth.h"; sourceTree = "<group>"; };
		940F61C313D09D60004FA337 /* ASIFormDataRequest+OAuth.m */ = {isa = PBXFileReference; fileEncoding = 4; lastKnownFileType = sourcecode.c.objc; path = "ASIFormDataRequest+OAuth.m"; sourceTree = "<group>"; };
		940F61C413D09D60004FA337 /* ASIHTTPRequest+OAuth.h */ = {isa = PBXFileReference; fileEncoding = 4; lastKnownFileType = sourcecode.c.h; path = "ASIHTTPRequest+OAuth.h"; sourceTree = "<group>"; };
		940F61C513D09D60004FA337 /* ASIHTTPRequest+OAuth.m */ = {isa = PBXFileReference; fileEncoding = 4; lastKnownFileType = sourcecode.c.objc; path = "ASIHTTPRequest+OAuth.m"; sourceTree = "<group>"; };
		940F61C713D09D60004FA337 /* NSData+Base64.h */ = {isa = PBXFileReference; fileEncoding = 4; lastKnownFileType = sourcecode.c.h; path = "NSData+Base64.h"; sourceTree = "<group>"; };
		940F61C813D09D60004FA337 /* NSData+Base64.m */ = {isa = PBXFileReference; fileEncoding = 4; lastKnownFileType = sourcecode.c.objc; path = "NSData+Base64.m"; sourceTree = "<group>"; };
		940F61C913D09D60004FA337 /* NSString+URLEncode.h */ = {isa = PBXFileReference; fileEncoding = 4; lastKnownFileType = sourcecode.c.h; path = "NSString+URLEncode.h"; sourceTree = "<group>"; };
		940F61CA13D09D60004FA337 /* NSString+URLEncode.m */ = {isa = PBXFileReference; fileEncoding = 4; lastKnownFileType = sourcecode.c.objc; path = "NSString+URLEncode.m"; sourceTree = "<group>"; };
		940F621113D0AE66004FA337 /* GHUnit.framework */ = {isa = PBXFileReference; lastKnownFileType = wrapper.framework; name = GHUnit.framework; path = ext/GHUnit.framework; sourceTree = "<group>"; };
		940F621213D0AE66004FA337 /* YAJL.framework */ = {isa = PBXFileReference; lastKnownFileType = wrapper.framework; name = YAJL.framework; path = ext/YAJL.framework; sourceTree = "<group>"; };
/* End PBXFileReference section */

/* Begin PBXFrameworksBuildPhase section */
		5D4A7B9E12F216BC00A2C443 /* Frameworks */ = {
			isa = PBXFrameworksBuildPhase;
			buildActionMask = 2147483647;
			files = (
				5D4A7BA612F2172900A2C443 /* AppKit.framework in Frameworks */,
				5D4A7BAD12F2174A00A2C443 /* SystemConfiguration.framework in Frameworks */,
				5D4A7BA212F2170C00A2C443 /* libz.dylib in Frameworks */,
				940F621413D0AE66004FA337 /* YAJL.framework in Frameworks */,
			);
			runOnlyForDeploymentPostprocessing = 0;
		};
		5DA3C351128E448800E128DC /* Frameworks */ = {
			isa = PBXFrameworksBuildPhase;
			buildActionMask = 2147483647;
			files = (
				5D7674B712909AAB006B7D51 /* SystemConfiguration.framework in Frameworks */,
				5D7674BD12909ACB006B7D51 /* CoreServices.framework in Frameworks */,
				5D8C15E7129DE86E002F8C01 /* AppKit.framework in Frameworks */,
				944FE58313CF4FA0009A1C2F /* SimpleGeo.framework in Frameworks */,
				940F621513D0AE83004FA337 /* GHUnit.framework in Frameworks */,
			);
			runOnlyForDeploymentPostprocessing = 0;
		};
/* End PBXFrameworksBuildPhase section */

/* Begin PBXGroup section */
		034768DFFF38A50411DB9C8B /* Products */ = {
			isa = PBXGroup;
			children = (
				8DC2EF5B0486A6940098B216 /* SimpleGeo.framework */,
				5DA3C353128E448800E128DC /* Tests.app */,
			);
			name = Products;
			sourceTree = "<group>";
		};
		0867D691FE84028FC02AAC07 /* SimpleGeo */ = {
			isa = PBXGroup;
			children = (
				5D79620C12E114A700B33631 /* Build Configuration */,
				5DA3C348128E42C600E128DC /* Tests */,
				5DF0867212ADCAF5007A8A60 /* Classes */,
				32C88DFF0371C24200C91783 /* Other Sources */,
				089C1665FE841158C02AAC07 /* Resources */,
				0867D69AFE84028FC02AAC07 /* Frameworks & Libraries */,
				034768DFFF38A50411DB9C8B /* Products */,
			);
			name = SimpleGeo;
			sourceTree = "<group>";
		};
		0867D69AFE84028FC02AAC07 /* Frameworks & Libraries */ = {
			isa = PBXGroup;
			children = (
				5D76748812909A15006B7D51 /* Imported Libraries */,
				1058C7B0FEA5585E11CA2CBB /* Linked Frameworks */,
				1058C7B2FEA5585E11CA2CBB /* External Frameworks */,
			);
			name = "Frameworks & Libraries";
			sourceTree = "<group>";
		};
		089C1665FE841158C02AAC07 /* Resources */ = {
			isa = PBXGroup;
			children = (
				5D39924E12A571C000EB7B20 /* RunTests.sh */,
				8DC2EF5A0486A6940098B216 /* Info.plist */,
				089C1666FE841158C02AAC07 /* InfoPlist.strings */,
				5DA3C355128E448800E128DC /* Tests-Info.plist */,
			);
			name = Resources;
			sourceTree = "<group>";
		};
		1058C7B0FEA5585E11CA2CBB /* Linked Frameworks */ = {
			isa = PBXGroup;
			children = (
				5D8C15E6129DE86E002F8C01 /* AppKit.framework */,
				5D8C15DA129DE7C4002F8C01 /* Cocoa.framework */,
				5D7674BC12909ACB006B7D51 /* CoreServices.framework */,
				5D7674B612909AAB006B7D51 /* SystemConfiguration.framework */,
				0867D69BFE84028FC02AAC07 /* Foundation.framework */,
				5D7674BA12909ABA006B7D51 /* libz.dylib */,
			);
			name = "Linked Frameworks";
			sourceTree = "<group>";
		};
		1058C7B2FEA5585E11CA2CBB /* External Frameworks */ = {
			isa = PBXGroup;
			children = (
				940F621113D0AE66004FA337 /* GHUnit.framework */,
				940F621213D0AE66004FA337 /* YAJL.framework */,
			);
			name = "External Frameworks";
			sourceTree = "<group>";
		};
		32C88DFF0371C24200C91783 /* Other Sources */ = {
			isa = PBXGroup;
			children = (
				32DBCF5E0370ADEE00C91783 /* SimpleGeo_Prefix.pch */,
			);
			name = "Other Sources";
			sourceTree = "<group>";
		};
		5D76748812909A15006B7D51 /* Imported Libraries */ = {
			isa = PBXGroup;
			children = (
				940F5FED13D09D40004FA337 /* asi-http-request */,
				940F616913D09D60004FA337 /* asi-http-request-oauth */,
				5D8C1562129DE17B002F8C01 /* TouchFoundation */,
			);
			name = "Imported Libraries";
			sourceTree = "<group>";
		};
		5D79620C12E114A700B33631 /* Build Configuration */ = {
			isa = PBXGroup;
			children = (
				5D79620F12E1151100B33631 /* Debug-OSX.xcconfig */,
				5D4A79B112F211CA00A2C443 /* Global.xcconfig */,
				5D79620D12E114B400B33631 /* Shared-OSX.xcconfig */,
				5D79621112E1153400B33631 /* Release-OSX.xcconfig */,
			);
			name = "Build Configuration";
			sourceTree = "<group>";
		};
		5D8C1562129DE17B002F8C01 /* TouchFoundation */ = {
			isa = PBXGroup;
			children = (
				5D5AD28512DD1CF5008810F0 /* ASIBase64Transcoder.h */,
				5D5AD28412DD1CF5008810F0 /* ASIBase64Transcoder.c */,
			);
			name = TouchFoundation;
			sourceTree = "<group>";
		};
		5DA3C348128E42C600E128DC /* Tests */ = {
			isa = PBXGroup;
			children = (
				9405B77F13D8F3C90088D7DF /* SimpleGeoTestSettings.h */,
				9405B77413D8F3C90088D7DF /* GHUnitTestMain.m */,
				9405B77513D8F3C90088D7DF /* SGFeatureTest.m */,
				9405B77613D8F3C90088D7DF /* SGGeometryTest.m */,
				9405B77813D8F3C90088D7DF /* SimpleGeoTest.h */,
				9405B77913D8F3C90088D7DF /* SimpleGeoTest.m */,
				9405B77B13D8F3C90088D7DF /* SimpleGeoTest+Features.m */,
				9405B77A13D8F3C90088D7DF /* SimpleGeoTest+Context.m */,
				9405B77C13D8F3C90088D7DF /* SimpleGeoTest+Places.m */,
				9405B77D13D8F3C90088D7DF /* SimpleGeoTest+Storage.m */,
			);
			name = Tests;
			sourceTree = "<group>";
		};
		5DE3488C12A9B477004E320D /* Services */ = {
			isa = PBXGroup;
			children = (
				9405B7B813D8F4230088D7DF /* SimpleGeo+Features.h */,
				9405B7B913D8F4230088D7DF /* SimpleGeo+Features.m */,
				9405B7B613D8F4230088D7DF /* SimpleGeo+Context.h */,
				9405B7B713D8F4230088D7DF /* SimpleGeo+Context.m */,
				9405B7BA13D8F4230088D7DF /* SimpleGeo+Places.h */,
				9405B7BB13D8F4230088D7DF /* SimpleGeo+Places.m */,
				9405B7BC13D8F4230088D7DF /* SimpleGeo+Storage.h */,
				9405B7BD13D8F4230088D7DF /* SimpleGeo+Storage.m */,
			);
			name = Services;
			sourceTree = "<group>";
		};
		5DF0867212ADCAF5007A8A60 /* Classes */ = {
			isa = PBXGroup;
			children = (
				949AE6C613D545BA0093C59E /* Client */,
				94E6A16113CE02FE004F0E45 /* Model */,
			);
			name = Classes;
			sourceTree = "<group>";
		};
		9405B78D13D8F3ED0088D7DF /* Params */ = {
			isa = PBXGroup;
			children = (
				9405B78E13D8F3FA0088D7DF /* SGCategories.h */,
				9405B78F13D8F3FA0088D7DF /* SGTypes.h */,
				9405B79013D8F3FA0088D7DF /* SGTypes.m */,
			);
			name = Params;
			sourceTree = "<group>";
		};
		9405B7DE13D8F4800088D7DF /* Additions */ = {
			isa = PBXGroup;
			children = (
				9405B7DF13D8F48B0088D7DF /* NSArray+SGCollection.h */,
				9405B7E013D8F48B0088D7DF /* NSArray+SGCollection.m */,
				9405B7E113D8F48B0088D7DF /* NSDictionary+Classifier.h */,
				9405B7E213D8F48B0088D7DF /* NSDictionary+Classifier.m */,
			);
			name = Additions;
			sourceTree = "<group>";
		};
		940F5FED13D09D40004FA337 /* asi-http-request */ = {
			isa = PBXGroup;
			children = (
				940F601913D09D40004FA337 /* Classes */,
			);
			name = "asi-http-request";
			path = "ext/asi-http-request";
			sourceTree = "<group>";
		};
		940F601913D09D40004FA337 /* Classes */ = {
			isa = PBXGroup;
			children = (
				940F601C13D09D40004FA337 /* ASICacheDelegate.h */,
				940F601D13D09D40004FA337 /* ASIDataCompressor.h */,
				940F601E13D09D40004FA337 /* ASIDataCompressor.m */,
				940F601F13D09D40004FA337 /* ASIDataDecompressor.h */,
				940F602013D09D40004FA337 /* ASIDataDecompressor.m */,
				940F602113D09D40004FA337 /* ASIDownloadCache.h */,
				940F602213D09D40004FA337 /* ASIDownloadCache.m */,
				940F602313D09D40004FA337 /* ASIFormDataRequest.h */,
				940F602413D09D40004FA337 /* ASIFormDataRequest.m */,
				940F602513D09D40004FA337 /* ASIHTTPRequest.h */,
				940F602613D09D40004FA337 /* ASIHTTPRequest.m */,
				940F602713D09D40004FA337 /* ASIHTTPRequestConfig.h */,
				940F602813D09D40004FA337 /* ASIHTTPRequestDelegate.h */,
				940F602913D09D40004FA337 /* ASIInputStream.h */,
				940F602A13D09D40004FA337 /* ASIInputStream.m */,
				940F602B13D09D40004FA337 /* ASINetworkQueue.h */,
				940F602C13D09D40004FA337 /* ASINetworkQueue.m */,
				940F602D13D09D40004FA337 /* ASIProgressDelegate.h */,
			);
			path = Classes;
			sourceTree = "<group>";
		};
		940F616913D09D60004FA337 /* asi-http-request-oauth */ = {
			isa = PBXGroup;
			children = (
				940F61C213D09D60004FA337 /* ASIFormDataRequest+OAuth.h */,
				940F61C313D09D60004FA337 /* ASIFormDataRequest+OAuth.m */,
				940F61C413D09D60004FA337 /* ASIHTTPRequest+OAuth.h */,
				940F61C513D09D60004FA337 /* ASIHTTPRequest+OAuth.m */,
				940F61C713D09D60004FA337 /* NSData+Base64.h */,
				940F61C813D09D60004FA337 /* NSData+Base64.m */,
				940F61C913D09D60004FA337 /* NSString+URLEncode.h */,
				940F61CA13D09D60004FA337 /* NSString+URLEncode.m */,
			);
			name = "asi-http-request-oauth";
			path = "ext/asi-http-request-oauth";
			sourceTree = "<group>";
		};
		9426DD5913C4082600C82030 /* Queries */ = {
			isa = PBXGroup;
			children = (
				9405B7A613D8F41E0088D7DF /* SGQuery.h */,
				9405B7A713D8F41E0088D7DF /* SGQuery.m */,
				9405B7A013D8F41E0088D7DF /* SGContextQuery.h */,
				9405B7A113D8F41E0088D7DF /* SGContextQuery.m */,
				9405B7A213D8F41E0088D7DF /* SGNearbyQuery.h */,
				9405B7A313D8F41E0088D7DF /* SGNearbyQuery.m */,
				9405B7A413D8F41E0088D7DF /* SGPlacesQuery.h */,
				9405B7A513D8F41E0088D7DF /* SGPlacesQuery.m */,
				9405B7A913D8F41E0088D7DF /* SGStorageQuery.h */,
				9405B7AA13D8F41E0088D7DF /* SGStorageQuery.m */,
			);
			name = Queries;
			sourceTree = "<group>";
		};
		949AE6C413D545640093C59E /* Geometries */ = {
			isa = PBXGroup;
			children = (
				9405B7C813D8F47C0088D7DF /* SGGeometry.h */,
				9405B7C913D8F47C0088D7DF /* SGGeometry.m */,
				9405B7CE13D8F47C0088D7DF /* SGPoint+Private.h */,
				9405B7CC13D8F47C0088D7DF /* SGPoint.h */,
				9405B7CD13D8F47C0088D7DF /* SGPoint.m */,
				9405B7C613D8F47C0088D7DF /* SGEnvelope.h */,
				9405B7C713D8F47C0088D7DF /* SGEnvelope.m */,
				9405B7D113D8F47C0088D7DF /* SGPolygon+Private.h */,
				9405B7CF13D8F47C0088D7DF /* SGPolygon.h */,
				9405B7D013D8F47C0088D7DF /* SGPolygon.m */,
				9405B7CA13D8F47C0088D7DF /* SGMultiPolygon.h */,
				9405B7CB13D8F47C0088D7DF /* SGMultiPolygon.m */,
			);
			name = Geometries;
			sourceTree = "<group>";
		};
		949AE6C613D545BA0093C59E /* Client */ = {
			isa = PBXGroup;
			children = (
				9405B78D13D8F3ED0088D7DF /* Params */,
				9405B79413D8F4070088D7DF /* SGCallback.h */,
				9405B79513D8F4070088D7DF /* SGCallback.m */,
				9405B79613D8F4070088D7DF /* SimpleGeo.h */,
				9405B79713D8F4070088D7DF /* SimpleGeo.m */,
				9405B79813D8F4070088D7DF /* SimpleGeo+Internal.h */,
				9405B79913D8F4070088D7DF /* SimpleGeo+Internal.m */,
				5DE3488C12A9B477004E320D /* Services */,
				9426DD5913C4082600C82030 /* Queries */,
			);
			name = Client;
			sourceTree = "<group>";
		};
		94E6A16113CE02FE004F0E45 /* Model */ = {
			isa = PBXGroup;
			children = (
				9405B7E913D8F4980088D7DF /* SGObject.h */,
				9405B7EA13D8F4980088D7DF /* SGObject.m */,
				9405B7E713D8F4980088D7DF /* SGFeature.h */,
				9405B7E813D8F4980088D7DF /* SGFeature.m */,
				9405B7EC13D8F4980088D7DF /* SGPlace.h */,
				9405B7ED13D8F4980088D7DF /* SGPlace.m */,
				9405B7EE13D8F4980088D7DF /* SGStoredRecord.h */,
				9405B7EF13D8F4980088D7DF /* SGStoredRecord.m */,
				9405B7DE13D8F4800088D7DF /* Additions */,
				949AE6C413D545640093C59E /* Geometries */,
			);
			name = Model;
			sourceTree = "<group>";
		};
/* End PBXGroup section */

/* Begin PBXHeadersBuildPhase section */
		8DC2EF500486A6940098B216 /* Headers */ = {
			isa = PBXHeadersBuildPhase;
			buildActionMask = 2147483647;
			files = (
				940F60D813D09D40004FA337 /* ASICacheDelegate.h in Headers */,
				940F60D913D09D40004FA337 /* ASIDataCompressor.h in Headers */,
				940F60DB13D09D40004FA337 /* ASIDataDecompressor.h in Headers */,
				940F60DD13D09D40004FA337 /* ASIDownloadCache.h in Headers */,
				940F60DF13D09D40004FA337 /* ASIFormDataRequest.h in Headers */,
				940F60E313D09D40004FA337 /* ASIHTTPRequestConfig.h in Headers */,
				940F60E413D09D40004FA337 /* ASIHTTPRequestDelegate.h in Headers */,
				940F60E513D09D40004FA337 /* ASIInputStream.h in Headers */,
				940F60E713D09D40004FA337 /* ASINetworkQueue.h in Headers */,
				940F60E913D09D40004FA337 /* ASIProgressDelegate.h in Headers */,
				940F61FB13D09D60004FA337 /* ASIFormDataRequest+OAuth.h in Headers */,
				940F60E113D09D40004FA337 /* ASIHTTPRequest.h in Headers */,
				940F61FD13D09D60004FA337 /* ASIHTTPRequest+OAuth.h in Headers */,
				9405B7E313D8F48B0088D7DF /* NSArray+SGCollection.h in Headers */,
				9405B7E513D8F48B0088D7DF /* NSDictionary+Classifier.h in Headers */,
				9405B79213D8F3FA0088D7DF /* SGTypes.h in Headers */,
				9405B79113D8F3FA0088D7DF /* SGCategories.h in Headers */,
				9405B79A13D8F4070088D7DF /* SGCallback.h in Headers */,
				9405B79C13D8F4070088D7DF /* SimpleGeo.h in Headers */,
				9405B7BE13D8F4230088D7DF /* SimpleGeo+Context.h in Headers */,
				9405B7C013D8F4230088D7DF /* SimpleGeo+Features.h in Headers */,
				9405B7C213D8F4230088D7DF /* SimpleGeo+Places.h in Headers */,
				9405B7C413D8F4230088D7DF /* SimpleGeo+Storage.h in Headers */,
				9405B7B113D8F41E0088D7DF /* SGQuery.h in Headers */,
				9405B7AB13D8F41E0088D7DF /* SGContextQuery.h in Headers */,
				9405B7AD13D8F41E0088D7DF /* SGNearbyQuery.h in Headers */,
				9405B7AF13D8F41E0088D7DF /* SGPlacesQuery.h in Headers */,
				9405B7B413D8F41E0088D7DF /* SGStorageQuery.h in Headers */,
				9405B7D413D8F47C0088D7DF /* SGGeometry.h in Headers */,
				9405B7D813D8F47C0088D7DF /* SGPoint.h in Headers */,
				9405B7D213D8F47C0088D7DF /* SGEnvelope.h in Headers */,
				9405B7DB13D8F47C0088D7DF /* SGPolygon.h in Headers */,
				9405B7D613D8F47C0088D7DF /* SGMultiPolygon.h in Headers */,
				9405B7F013D8F4980088D7DF /* SGFeature.h in Headers */,
				9405B7F213D8F4980088D7DF /* SGObject.h in Headers */,
				9405B7F513D8F4980088D7DF /* SGPlace.h in Headers */,
				9405B7F713D8F4980088D7DF /* SGStoredRecord.h in Headers */,
				9405B79E13D8F4070088D7DF /* SimpleGeo+Internal.h in Headers */,
				9405B7DA13D8F47C0088D7DF /* SGPoint+Private.h in Headers */,
				9405B7DD13D8F47C0088D7DF /* SGPolygon+Private.h in Headers */,
				5D5AD28812DD1CF5008810F0 /* ASIBase64Transcoder.h in Headers */,
				940F620013D09D60004FA337 /* NSData+Base64.h in Headers */,
				940F620213D09D60004FA337 /* NSString+URLEncode.h in Headers */,
			);
			runOnlyForDeploymentPostprocessing = 0;
		};
/* End PBXHeadersBuildPhase section */

/* Begin PBXNativeTarget section */
		5DA3C352128E448800E128DC /* Tests */ = {
			isa = PBXNativeTarget;
			buildConfigurationList = 5DA3C358128E448800E128DC /* Build configuration list for PBXNativeTarget "Tests" */;
			buildPhases = (
				5DA3C34F128E448800E128DC /* Resources */,
				5DA3C350128E448800E128DC /* Sources */,
				5DA3C351128E448800E128DC /* Frameworks */,
				5DF08A6312AF3ED7007A8A60 /* CopyFiles */,
				5D39925012A571C700EB7B20 /* ShellScript */,
			);
			buildRules = (
			);
			dependencies = (
				5DA3C360128E44B700E128DC /* PBXTargetDependency */,
			);
			name = Tests;
			productName = Tests;
			productReference = 5DA3C353128E448800E128DC /* Tests.app */;
			productType = "com.apple.product-type.application";
		};
		8DC2EF4F0486A6940098B216 /* SimpleGeo */ = {
			isa = PBXNativeTarget;
			buildConfigurationList = 1DEB91AD08733DA50010E9CD /* Build configuration list for PBXNativeTarget "SimpleGeo" */;
			buildPhases = (
				8DC2EF500486A6940098B216 /* Headers */,
				8DC2EF520486A6940098B216 /* Resources */,
				8DC2EF540486A6940098B216 /* Sources */,
				5D4A7B9E12F216BC00A2C443 /* Frameworks */,
			);
			buildRules = (
			);
			dependencies = (
			);
			name = SimpleGeo;
			productInstallPath = "$(HOME)/Library/Frameworks";
			productName = SimpleGeo;
			productReference = 8DC2EF5B0486A6940098B216 /* SimpleGeo.framework */;
			productType = "com.apple.product-type.framework";
		};
/* End PBXNativeTarget section */

/* Begin PBXProject section */
		0867D690FE84028FC02AAC07 /* Project object */ = {
			isa = PBXProject;
			buildConfigurationList = 1DEB91B108733DA50010E9CD /* Build configuration list for PBXProject "SimpleGeo" */;
			compatibilityVersion = "Xcode 3.1";
			developmentRegion = English;
			hasScannedForEncodings = 1;
			knownRegions = (
				English,
				Japanese,
				French,
				German,
			);
			mainGroup = 0867D691FE84028FC02AAC07 /* SimpleGeo */;
			productRefGroup = 034768DFFF38A50411DB9C8B /* Products */;
			projectDirPath = "";
			projectRoot = "";
			targets = (
				8DC2EF4F0486A6940098B216 /* SimpleGeo */,
				5DA3C352128E448800E128DC /* Tests */,
			);
		};
/* End PBXProject section */

/* Begin PBXResourcesBuildPhase section */
		5DA3C34F128E448800E128DC /* Resources */ = {
			isa = PBXResourcesBuildPhase;
			buildActionMask = 2147483647;
			files = (
			);
			runOnlyForDeploymentPostprocessing = 0;
		};
		8DC2EF520486A6940098B216 /* Resources */ = {
			isa = PBXResourcesBuildPhase;
			buildActionMask = 2147483647;
			files = (
				8DC2EF530486A6940098B216 /* InfoPlist.strings in Resources */,
			);
			runOnlyForDeploymentPostprocessing = 0;
		};
/* End PBXResourcesBuildPhase section */

/* Begin PBXShellScriptBuildPhase section */
		5D39925012A571C700EB7B20 /* ShellScript */ = {
			isa = PBXShellScriptBuildPhase;
			buildActionMask = 2147483647;
			files = (
			);
			inputPaths = (
			);
			outputPaths = (
			);
			runOnlyForDeploymentPostprocessing = 0;
			shellPath = /bin/sh;
			shellScript = "sh scripts/RunTests.sh";
			showEnvVarsInLog = 0;
		};
/* End PBXShellScriptBuildPhase section */

/* Begin PBXSourcesBuildPhase section */
		5DA3C350128E448800E128DC /* Sources */ = {
			isa = PBXSourcesBuildPhase;
			buildActionMask = 2147483647;
			files = (
				9405B7F913D8F56A0088D7DF /* GHUnitTestMain.m in Sources */,
				9405B7FA13D8F56B0088D7DF /* SGFeatureTest.m in Sources */,
				9405B7FB13D8F56D0088D7DF /* SGGeometryTest.m in Sources */,
				9405B7FD13D8F5720088D7DF /* SimpleGeoTest.h in Sources */,
				9405B7FE13D8F5740088D7DF /* SimpleGeoTest.m in Sources */,
				9405B7FF13D8F5750088D7DF /* SimpleGeoTest+Context.m in Sources */,
				9405B80113D8F5810088D7DF /* SimpleGeoTest+Places.m in Sources */,
				9405B80013D8F5780088D7DF /* SimpleGeoTest+Features.m in Sources */,
				9405B80213D8F5830088D7DF /* SimpleGeoTest+Storage.m in Sources */,
				9405B80313D8F5850088D7DF /* SimpleGeoTestSettings.h in Sources */,
			);
			runOnlyForDeploymentPostprocessing = 0;
		};
		8DC2EF540486A6940098B216 /* Sources */ = {
			isa = PBXSourcesBuildPhase;
			buildActionMask = 2147483647;
			files = (
				940F60DA13D09D40004FA337 /* ASIDataCompressor.m in Sources */,
				940F60DC13D09D40004FA337 /* ASIDataDecompressor.m in Sources */,
				940F60DE13D09D40004FA337 /* ASIDownloadCache.m in Sources */,
				940F60E013D09D40004FA337 /* ASIFormDataRequest.m in Sources */,
				940F60E213D09D40004FA337 /* ASIHTTPRequest.m in Sources */,
				940F60E613D09D40004FA337 /* ASIInputStream.m in Sources */,
				940F60E813D09D40004FA337 /* ASINetworkQueue.m in Sources */,
				940F61FC13D09D60004FA337 /* ASIFormDataRequest+OAuth.m in Sources */,
				940F61FE13D09D60004FA337 /* ASIHTTPRequest+OAuth.m in Sources */,
				940F620113D09D60004FA337 /* NSData+Base64.m in Sources */,
				940F620313D09D60004FA337 /* NSString+URLEncode.m in Sources */,
				5D5AD28712DD1CF5008810F0 /* ASIBase64Transcoder.c in Sources */,
				9405B79313D8F3FA0088D7DF /* SGTypes.m in Sources */,
				9405B79B13D8F4070088D7DF /* SGCallback.m in Sources */,
				9405B79D13D8F4070088D7DF /* SimpleGeo.m in Sources */,
				9405B79F13D8F4070088D7DF /* SimpleGeo+Internal.m in Sources */,
				9405B7AC13D8F41E0088D7DF /* SGContextQuery.m in Sources */,
				9405B7AE13D8F41E0088D7DF /* SGNearbyQuery.m in Sources */,
				9405B7B013D8F41E0088D7DF /* SGPlacesQuery.m in Sources */,
				9405B7B213D8F41E0088D7DF /* SGQuery.m in Sources */,
				9405B7B513D8F41E0088D7DF /* SGStorageQuery.m in Sources */,
				9405B7BF13D8F4230088D7DF /* SimpleGeo+Context.m in Sources */,
				9405B7C113D8F4230088D7DF /* SimpleGeo+Features.m in Sources */,
				9405B7C313D8F4230088D7DF /* SimpleGeo+Places.m in Sources */,
				9405B7C513D8F4230088D7DF /* SimpleGeo+Storage.m in Sources */,
				9405B7D313D8F47C0088D7DF /* SGEnvelope.m in Sources */,
				9405B7D513D8F47C0088D7DF /* SGGeometry.m in Sources */,
				9405B7D713D8F47C0088D7DF /* SGMultiPolygon.m in Sources */,
				9405B7D913D8F47C0088D7DF /* SGPoint.m in Sources */,
				9405B7DC13D8F47C0088D7DF /* SGPolygon.m in Sources */,
				9405B7E413D8F48B0088D7DF /* NSArray+SGCollection.m in Sources */,
				9405B7E613D8F48B0088D7DF /* NSDictionary+Classifier.m in Sources */,
				9405B7F113D8F4980088D7DF /* SGFeature.m in Sources */,
				9405B7F313D8F4980088D7DF /* SGObject.m in Sources */,
				9405B7F613D8F4980088D7DF /* SGPlace.m in Sources */,
				9405B7F813D8F4980088D7DF /* SGStoredRecord.m in Sources */,
			);
			runOnlyForDeploymentPostprocessing = 0;
		};
/* End PBXSourcesBuildPhase section */

/* Begin PBXTargetDependency section */
		5DA3C360128E44B700E128DC /* PBXTargetDependency */ = {
			isa = PBXTargetDependency;
			target = 8DC2EF4F0486A6940098B216 /* SimpleGeo */;
			targetProxy = 5DA3C35F128E44B700E128DC /* PBXContainerItemProxy */;
		};
/* End PBXTargetDependency section */

/* Begin PBXVariantGroup section */
		089C1666FE841158C02AAC07 /* InfoPlist.strings */ = {
			isa = PBXVariantGroup;
			children = (
				089C1667FE841158C02AAC07 /* English */,
			);
			name = InfoPlist.strings;
			sourceTree = "<group>";
		};
/* End PBXVariantGroup section */

/* Begin XCBuildConfiguration section */
		1DEB91AE08733DA50010E9CD /* Debug */ = {
			isa = XCBuildConfiguration;
			baseConfigurationReference = 5D79620F12E1151100B33631 /* Debug-OSX.xcconfig */;
			buildSettings = {
				FRAMEWORK_SEARCH_PATHS = (
					"$(inherited)",
					"\"$(SRCROOT)/ext\"",
				);
			};
			name = Debug;
		};
		1DEB91AF08733DA50010E9CD /* Release */ = {
			isa = XCBuildConfiguration;
			baseConfigurationReference = 5D79621112E1153400B33631 /* Release-OSX.xcconfig */;
			buildSettings = {
				FRAMEWORK_SEARCH_PATHS = (
					"$(inherited)",
					"\"$(SRCROOT)/ext\"",
				);
			};
			name = Release;
		};
		1DEB91B208733DA50010E9CD /* Debug */ = {
			isa = XCBuildConfiguration;
			buildSettings = {
				ARCHS = "$(ARCHS_STANDARD_32_64_BIT)";
				GCC_C_LANGUAGE_STANDARD = gnu99;
				GCC_OPTIMIZATION_LEVEL = 0;
				GCC_WARN_ABOUT_RETURN_TYPE = YES;
				GCC_WARN_UNUSED_VARIABLE = YES;
				MACOSX_DEPLOYMENT_TARGET = 10.5;
				ONLY_ACTIVE_ARCH = YES;
				PREBINDING = NO;
				SDKROOT = macosx10.6;
			};
			name = Debug;
		};
		1DEB91B308733DA50010E9CD /* Release */ = {
			isa = XCBuildConfiguration;
			buildSettings = {
				ARCHS = "$(ARCHS_STANDARD_32_64_BIT)";
				GCC_C_LANGUAGE_STANDARD = gnu99;
				GCC_WARN_ABOUT_RETURN_TYPE = YES;
				GCC_WARN_UNUSED_VARIABLE = YES;
				MACOSX_DEPLOYMENT_TARGET = 10.5;
				PREBINDING = NO;
				SDKROOT = macosx10.6;
			};
			name = Release;
		};
		5DA3C356128E448800E128DC /* Debug */ = {
			isa = XCBuildConfiguration;
			buildSettings = {
				ALWAYS_SEARCH_USER_PATHS = NO;
				COPY_PHASE_STRIP = NO;
				FRAMEWORK_SEARCH_PATHS = (
					"$(inherited)",
					"\"$(SRCROOT)\"",
					"\"$(SRCROOT)/ext\"",
					"\"$(SRCROOT)/build\"/**",
				);
				GCC_DYNAMIC_NO_PIC = NO;
				GCC_ENABLE_FIX_AND_CONTINUE = YES;
				GCC_MODEL_TUNING = G5;
				GCC_OPTIMIZATION_LEVEL = 0;
				GCC_PRECOMPILE_PREFIX_HEADER = YES;
				GCC_PREFIX_HEADER = SimpleGeo_Prefix.pch;
				INFOPLIST_FILE = "Tests-Info.plist";
				INSTALL_PATH = "$(HOME)/Applications";
				LD_RUNPATH_SEARCH_PATHS = "\"@executable_path/../Frameworks\"";
				OTHER_LDFLAGS = (
					"-framework",
					Foundation,
					"-framework",
					AppKit,
				);
				PREBINDING = NO;
				PRODUCT_NAME = Tests;
			};
			name = Debug;
		};
		5DA3C357128E448800E128DC /* Release */ = {
			isa = XCBuildConfiguration;
			buildSettings = {
				ALWAYS_SEARCH_USER_PATHS = NO;
				COPY_PHASE_STRIP = YES;
				DEBUG_INFORMATION_FORMAT = "dwarf-with-dsym";
				FRAMEWORK_SEARCH_PATHS = (
					"$(inherited)",
					"\"$(SRCROOT)\"",
					"\"$(SRCROOT)/ext\"",
					"\"$(SRCROOT)/build\"/**",
				);
				GCC_ENABLE_FIX_AND_CONTINUE = NO;
				GCC_MODEL_TUNING = G5;
				GCC_PRECOMPILE_PREFIX_HEADER = YES;
				GCC_PREFIX_HEADER = SimpleGeo_Prefix.pch;
				INFOPLIST_FILE = "Tests-Info.plist";
				INSTALL_PATH = "$(HOME)/Applications";
				LD_RUNPATH_SEARCH_PATHS = "\"@executable_path/../Frameworks\"";
				OTHER_LDFLAGS = (
					"-framework",
					Foundation,
					"-framework",
					AppKit,
				);
				PREBINDING = NO;
				PRODUCT_NAME = Tests;
				ZERO_LINK = NO;
			};
			name = Release;
		};
/* End XCBuildConfiguration section */

/* Begin XCConfigurationList section */
		1DEB91AD08733DA50010E9CD /* Build configuration list for PBXNativeTarget "SimpleGeo" */ = {
			isa = XCConfigurationList;
			buildConfigurations = (
				1DEB91AE08733DA50010E9CD /* Debug */,
				1DEB91AF08733DA50010E9CD /* Release */,
			);
			defaultConfigurationIsVisible = 0;
			defaultConfigurationName = Release;
		};
		1DEB91B108733DA50010E9CD /* Build configuration list for PBXProject "SimpleGeo" */ = {
			isa = XCConfigurationList;
			buildConfigurations = (
				1DEB91B208733DA50010E9CD /* Debug */,
				1DEB91B308733DA50010E9CD /* Release */,
			);
			defaultConfigurationIsVisible = 0;
			defaultConfigurationName = Release;
		};
		5DA3C358128E448800E128DC /* Build configuration list for PBXNativeTarget "Tests" */ = {
			isa = XCConfigurationList;
			buildConfigurations = (
				5DA3C356128E448800E128DC /* Debug */,
				5DA3C357128E448800E128DC /* Release */,
			);
			defaultConfigurationIsVisible = 0;
			defaultConfigurationName = Release;
		};
/* End XCConfigurationList section */
	};
	rootObject = 0867D690FE84028FC02AAC07 /* Project object */;
}
