// !$*UTF8*$!
{
	archiveVersion = 1;
	classes = {
	};
	objectVersion = 45;
	objects = {

/* Begin PBXBuildFile section */
		5D1DA88F12DD2AC300556B20 /* ASIBase64Transcoder.c in Sources */ = {isa = PBXBuildFile; fileRef = 5D1DA88D12DD2AC300556B20 /* ASIBase64Transcoder.c */; };
		5D1DA89012DD2AC300556B20 /* ASIBase64Transcoder.h in Headers */ = {isa = PBXBuildFile; fileRef = 5D1DA88E12DD2AC300556B20 /* ASIBase64Transcoder.h */; settings = {ATTRIBUTES = (); }; };
		942AAF7513CE4EBA0053A9DC /* YAJLiOS.framework in Frameworks */ = {isa = PBXBuildFile; fileRef = 942AAF7413CE4EBA0053A9DC /* YAJLiOS.framework */; };
		9430705D13D13C150097C21A /* ASIAuthenticationDialog.h in Headers */ = {isa = PBXBuildFile; fileRef = 94306F3E13D13C150097C21A /* ASIAuthenticationDialog.h */; settings = {ATTRIBUTES = (Public, ); }; };
		9430705E13D13C150097C21A /* ASIAuthenticationDialog.m in Sources */ = {isa = PBXBuildFile; fileRef = 94306F3F13D13C150097C21A /* ASIAuthenticationDialog.m */; };
		9430705F13D13C150097C21A /* ASICacheDelegate.h in Headers */ = {isa = PBXBuildFile; fileRef = 94306F4013D13C150097C21A /* ASICacheDelegate.h */; settings = {ATTRIBUTES = (Public, ); }; };
		9430706013D13C150097C21A /* ASIDataCompressor.h in Headers */ = {isa = PBXBuildFile; fileRef = 94306F4113D13C150097C21A /* ASIDataCompressor.h */; settings = {ATTRIBUTES = (Public, ); }; };
		9430706113D13C150097C21A /* ASIDataCompressor.m in Sources */ = {isa = PBXBuildFile; fileRef = 94306F4213D13C150097C21A /* ASIDataCompressor.m */; };
		9430706213D13C150097C21A /* ASIDataDecompressor.h in Headers */ = {isa = PBXBuildFile; fileRef = 94306F4313D13C150097C21A /* ASIDataDecompressor.h */; settings = {ATTRIBUTES = (Public, ); }; };
		9430706313D13C150097C21A /* ASIDataDecompressor.m in Sources */ = {isa = PBXBuildFile; fileRef = 94306F4413D13C150097C21A /* ASIDataDecompressor.m */; };
		9430706413D13C150097C21A /* ASIDownloadCache.h in Headers */ = {isa = PBXBuildFile; fileRef = 94306F4513D13C150097C21A /* ASIDownloadCache.h */; settings = {ATTRIBUTES = (Public, ); }; };
		9430706513D13C150097C21A /* ASIDownloadCache.m in Sources */ = {isa = PBXBuildFile; fileRef = 94306F4613D13C150097C21A /* ASIDownloadCache.m */; };
		9430706613D13C150097C21A /* ASIFormDataRequest.h in Headers */ = {isa = PBXBuildFile; fileRef = 94306F4713D13C150097C21A /* ASIFormDataRequest.h */; settings = {ATTRIBUTES = (Public, ); }; };
		9430706713D13C150097C21A /* ASIFormDataRequest.m in Sources */ = {isa = PBXBuildFile; fileRef = 94306F4813D13C150097C21A /* ASIFormDataRequest.m */; };
		9430706813D13C150097C21A /* ASIHTTPRequest.h in Headers */ = {isa = PBXBuildFile; fileRef = 94306F4913D13C150097C21A /* ASIHTTPRequest.h */; settings = {ATTRIBUTES = (Public, ); }; };
		9430706913D13C150097C21A /* ASIHTTPRequest.m in Sources */ = {isa = PBXBuildFile; fileRef = 94306F4A13D13C150097C21A /* ASIHTTPRequest.m */; };
		9430706A13D13C150097C21A /* ASIHTTPRequestConfig.h in Headers */ = {isa = PBXBuildFile; fileRef = 94306F4B13D13C150097C21A /* ASIHTTPRequestConfig.h */; settings = {ATTRIBUTES = (Public, ); }; };
		9430706B13D13C150097C21A /* ASIHTTPRequestDelegate.h in Headers */ = {isa = PBXBuildFile; fileRef = 94306F4C13D13C150097C21A /* ASIHTTPRequestDelegate.h */; settings = {ATTRIBUTES = (Public, ); }; };
		9430706C13D13C150097C21A /* ASIInputStream.h in Headers */ = {isa = PBXBuildFile; fileRef = 94306F4D13D13C150097C21A /* ASIInputStream.h */; settings = {ATTRIBUTES = (Public, ); }; };
		9430706D13D13C150097C21A /* ASIInputStream.m in Sources */ = {isa = PBXBuildFile; fileRef = 94306F4E13D13C150097C21A /* ASIInputStream.m */; };
		9430706E13D13C150097C21A /* ASINetworkQueue.h in Headers */ = {isa = PBXBuildFile; fileRef = 94306F4F13D13C150097C21A /* ASINetworkQueue.h */; settings = {ATTRIBUTES = (Public, ); }; };
		9430706F13D13C150097C21A /* ASINetworkQueue.m in Sources */ = {isa = PBXBuildFile; fileRef = 94306F5013D13C150097C21A /* ASINetworkQueue.m */; };
		9430707013D13C150097C21A /* ASIProgressDelegate.h in Headers */ = {isa = PBXBuildFile; fileRef = 94306F5113D13C150097C21A /* ASIProgressDelegate.h */; settings = {ATTRIBUTES = (Public, ); }; };
		943070AD13D13C150097C21A /* Reachability.h in Headers */ = {isa = PBXBuildFile; fileRef = 94306F9513D13C150097C21A /* Reachability.h */; settings = {ATTRIBUTES = (Public, ); }; };
		943070AE13D13C150097C21A /* Reachability.m in Sources */ = {isa = PBXBuildFile; fileRef = 94306F9613D13C150097C21A /* Reachability.m */; };
		9430711013D13C150097C21A /* ASIFormDataRequest+OAuth.h in Headers */ = {isa = PBXBuildFile; fileRef = 9430702D13D13C150097C21A /* ASIFormDataRequest+OAuth.h */; settings = {ATTRIBUTES = (Public, ); }; };
		9430711113D13C150097C21A /* ASIFormDataRequest+OAuth.m in Sources */ = {isa = PBXBuildFile; fileRef = 9430702E13D13C150097C21A /* ASIFormDataRequest+OAuth.m */; };
		9430711213D13C150097C21A /* ASIHTTPRequest+OAuth.h in Headers */ = {isa = PBXBuildFile; fileRef = 9430702F13D13C150097C21A /* ASIHTTPRequest+OAuth.h */; settings = {ATTRIBUTES = (Public, ); }; };
		9430711313D13C150097C21A /* ASIHTTPRequest+OAuth.m in Sources */ = {isa = PBXBuildFile; fileRef = 9430703013D13C150097C21A /* ASIHTTPRequest+OAuth.m */; };
		9430711513D13C150097C21A /* NSData+Base64.h in Headers */ = {isa = PBXBuildFile; fileRef = 9430703213D13C150097C21A /* NSData+Base64.h */; settings = {ATTRIBUTES = (); }; };
		9430711613D13C150097C21A /* NSData+Base64.m in Sources */ = {isa = PBXBuildFile; fileRef = 9430703313D13C150097C21A /* NSData+Base64.m */; };
		9430711713D13C150097C21A /* NSString+URLEncode.h in Headers */ = {isa = PBXBuildFile; fileRef = 9430703413D13C150097C21A /* NSString+URLEncode.h */; settings = {ATTRIBUTES = (); }; };
		9430711813D13C150097C21A /* NSString+URLEncode.m in Sources */ = {isa = PBXBuildFile; fileRef = 9430703513D13C150097C21A /* NSString+URLEncode.m */; };
		94572E9213DB877A003F35DC /* SGCategories.h in Headers */ = {isa = PBXBuildFile; fileRef = 94572E5813DB877A003F35DC /* SGCategories.h */; settings = {ATTRIBUTES = (Public, ); }; };
		94572E9313DB877A003F35DC /* SGTypes.h in Headers */ = {isa = PBXBuildFile; fileRef = 94572E5913DB877A003F35DC /* SGTypes.h */; settings = {ATTRIBUTES = (Public, ); }; };
		94572E9413DB877A003F35DC /* SGTypes.m in Sources */ = {isa = PBXBuildFile; fileRef = 94572E5A13DB877A003F35DC /* SGTypes.m */; };
		94572E9513DB877A003F35DC /* SGContextQuery.h in Headers */ = {isa = PBXBuildFile; fileRef = 94572E5C13DB877A003F35DC /* SGContextQuery.h */; settings = {ATTRIBUTES = (Public, ); }; };
		94572E9613DB877A003F35DC /* SGContextQuery.m in Sources */ = {isa = PBXBuildFile; fileRef = 94572E5D13DB877A003F35DC /* SGContextQuery.m */; };
		94572E9713DB877A003F35DC /* SGNearbyQuery.h in Headers */ = {isa = PBXBuildFile; fileRef = 94572E5E13DB877A003F35DC /* SGNearbyQuery.h */; settings = {ATTRIBUTES = (Public, ); }; };
		94572E9813DB877A003F35DC /* SGNearbyQuery.m in Sources */ = {isa = PBXBuildFile; fileRef = 94572E5F13DB877A003F35DC /* SGNearbyQuery.m */; };
		94572E9913DB877A003F35DC /* SGPlacesQuery.h in Headers */ = {isa = PBXBuildFile; fileRef = 94572E6013DB877A003F35DC /* SGPlacesQuery.h */; settings = {ATTRIBUTES = (Public, ); }; };
		94572E9A13DB877A003F35DC /* SGPlacesQuery.m in Sources */ = {isa = PBXBuildFile; fileRef = 94572E6113DB877A003F35DC /* SGPlacesQuery.m */; };
		94572E9C13DB877A003F35DC /* SGQuery.h in Headers */ = {isa = PBXBuildFile; fileRef = 94572E6313DB877A003F35DC /* SGQuery.h */; settings = {ATTRIBUTES = (Public, ); }; };
		94572E9D13DB877A003F35DC /* SGQuery.m in Sources */ = {isa = PBXBuildFile; fileRef = 94572E6413DB877A003F35DC /* SGQuery.m */; };
		94572E9E13DB877A003F35DC /* SGStorageQuery.h in Headers */ = {isa = PBXBuildFile; fileRef = 94572E6513DB877A003F35DC /* SGStorageQuery.h */; settings = {ATTRIBUTES = (Public, ); }; };
		94572E9F13DB877A003F35DC /* SGStorageQuery.m in Sources */ = {isa = PBXBuildFile; fileRef = 94572E6613DB877A003F35DC /* SGStorageQuery.m */; };
		94572EA013DB877A003F35DC /* SimpleGeo+Context.h in Headers */ = {isa = PBXBuildFile; fileRef = 94572E6813DB877A003F35DC /* SimpleGeo+Context.h */; settings = {ATTRIBUTES = (Public, ); }; };
		94572EA113DB877A003F35DC /* SimpleGeo+Context.m in Sources */ = {isa = PBXBuildFile; fileRef = 94572E6913DB877A003F35DC /* SimpleGeo+Context.m */; };
		94572EA213DB877A003F35DC /* SimpleGeo+Features.h in Headers */ = {isa = PBXBuildFile; fileRef = 94572E6A13DB877A003F35DC /* SimpleGeo+Features.h */; settings = {ATTRIBUTES = (Public, ); }; };
		94572EA313DB877A003F35DC /* SimpleGeo+Features.m in Sources */ = {isa = PBXBuildFile; fileRef = 94572E6B13DB877A003F35DC /* SimpleGeo+Features.m */; };
		94572EA413DB877A003F35DC /* SimpleGeo+Places.h in Headers */ = {isa = PBXBuildFile; fileRef = 94572E6C13DB877A003F35DC /* SimpleGeo+Places.h */; settings = {ATTRIBUTES = (Public, ); }; };
		94572EA513DB877A003F35DC /* SimpleGeo+Places.m in Sources */ = {isa = PBXBuildFile; fileRef = 94572E6D13DB877A003F35DC /* SimpleGeo+Places.m */; };
		94572EA613DB877A003F35DC /* SimpleGeo+Storage.h in Headers */ = {isa = PBXBuildFile; fileRef = 94572E6E13DB877A003F35DC /* SimpleGeo+Storage.h */; settings = {ATTRIBUTES = (Public, ); }; };
		94572EA713DB877A003F35DC /* SimpleGeo+Storage.m in Sources */ = {isa = PBXBuildFile; fileRef = 94572E6F13DB877A003F35DC /* SimpleGeo+Storage.m */; };
		94572EA813DB877A003F35DC /* SGCallback.h in Headers */ = {isa = PBXBuildFile; fileRef = 94572E7013DB877A003F35DC /* SGCallback.h */; settings = {ATTRIBUTES = (Public, ); }; };
		94572EA913DB877A003F35DC /* SGCallback.m in Sources */ = {isa = PBXBuildFile; fileRef = 94572E7113DB877A003F35DC /* SGCallback.m */; };
		94572EAA13DB877A003F35DC /* SimpleGeo+Internal.h in Headers */ = {isa = PBXBuildFile; fileRef = 94572E7213DB877A003F35DC /* SimpleGeo+Internal.h */; settings = {ATTRIBUTES = (Private, ); }; };
		94572EAB13DB877A003F35DC /* SimpleGeo+Internal.m in Sources */ = {isa = PBXBuildFile; fileRef = 94572E7313DB877A003F35DC /* SimpleGeo+Internal.m */; };
		94572EAC13DB877A003F35DC /* SimpleGeo.h in Headers */ = {isa = PBXBuildFile; fileRef = 94572E7413DB877A003F35DC /* SimpleGeo.h */; settings = {ATTRIBUTES = (Public, ); }; };
		94572EAD13DB877A003F35DC /* SimpleGeo.m in Sources */ = {isa = PBXBuildFile; fileRef = 94572E7513DB877A003F35DC /* SimpleGeo.m */; };
		94572EAE13DB877A003F35DC /* NSArray+SGCollection.h in Headers */ = {isa = PBXBuildFile; fileRef = 94572E7813DB877A003F35DC /* NSArray+SGCollection.h */; settings = {ATTRIBUTES = (Public, ); }; };
		94572EAF13DB877A003F35DC /* NSArray+SGCollection.m in Sources */ = {isa = PBXBuildFile; fileRef = 94572E7913DB877A003F35DC /* NSArray+SGCollection.m */; };
		94572EB013DB877A003F35DC /* NSDictionary+Classifier.h in Headers */ = {isa = PBXBuildFile; fileRef = 94572E7A13DB877A003F35DC /* NSDictionary+Classifier.h */; settings = {ATTRIBUTES = (Public, ); }; };
		94572EB113DB877A003F35DC /* NSDictionary+Classifier.m in Sources */ = {isa = PBXBuildFile; fileRef = 94572E7B13DB877A003F35DC /* NSDictionary+Classifier.m */; };
		94572EB213DB877A003F35DC /* SGEnvelope.h in Headers */ = {isa = PBXBuildFile; fileRef = 94572E7D13DB877A003F35DC /* SGEnvelope.h */; settings = {ATTRIBUTES = (Public, ); }; };
		94572EB313DB877A003F35DC /* SGEnvelope.m in Sources */ = {isa = PBXBuildFile; fileRef = 94572E7E13DB877A003F35DC /* SGEnvelope.m */; };
		94572EB413DB877A003F35DC /* SGGeometry.h in Headers */ = {isa = PBXBuildFile; fileRef = 94572E7F13DB877A003F35DC /* SGGeometry.h */; settings = {ATTRIBUTES = (Public, ); }; };
		94572EB513DB877A003F35DC /* SGGeometry.m in Sources */ = {isa = PBXBuildFile; fileRef = 94572E8013DB877A003F35DC /* SGGeometry.m */; };
		94572EB613DB877A003F35DC /* SGMultiPolygon.h in Headers */ = {isa = PBXBuildFile; fileRef = 94572E8113DB877A003F35DC /* SGMultiPolygon.h */; settings = {ATTRIBUTES = (Public, ); }; };
		94572EB713DB877A003F35DC /* SGMultiPolygon.m in Sources */ = {isa = PBXBuildFile; fileRef = 94572E8213DB877A003F35DC /* SGMultiPolygon.m */; };
		94572EB813DB877A003F35DC /* SGPoint+Private.h in Headers */ = {isa = PBXBuildFile; fileRef = 94572E8313DB877A003F35DC /* SGPoint+Private.h */; settings = {ATTRIBUTES = (Private, ); }; };
		94572EB913DB877A003F35DC /* SGPoint.h in Headers */ = {isa = PBXBuildFile; fileRef = 94572E8413DB877A003F35DC /* SGPoint.h */; settings = {ATTRIBUTES = (Public, ); }; };
		94572EBA13DB877A003F35DC /* SGPoint.m in Sources */ = {isa = PBXBuildFile; fileRef = 94572E8513DB877A003F35DC /* SGPoint.m */; };
		94572EBB13DB877A003F35DC /* SGPolygon+Private.h in Headers */ = {isa = PBXBuildFile; fileRef = 94572E8613DB877A003F35DC /* SGPolygon+Private.h */; settings = {ATTRIBUTES = (Private, ); }; };
		94572EBC13DB877A003F35DC /* SGPolygon.h in Headers */ = {isa = PBXBuildFile; fileRef = 94572E8713DB877A003F35DC /* SGPolygon.h */; settings = {ATTRIBUTES = (Public, ); }; };
		94572EBD13DB877A003F35DC /* SGPolygon.m in Sources */ = {isa = PBXBuildFile; fileRef = 94572E8813DB877A003F35DC /* SGPolygon.m */; };
		94572EBE13DB877A003F35DC /* SGFeature.h in Headers */ = {isa = PBXBuildFile; fileRef = 94572E8913DB877A003F35DC /* SGFeature.h */; settings = {ATTRIBUTES = (Public, ); }; };
		94572EBF13DB877A003F35DC /* SGFeature.m in Sources */ = {isa = PBXBuildFile; fileRef = 94572E8A13DB877A003F35DC /* SGFeature.m */; };
		94572EC113DB877A003F35DC /* SGObject.h in Headers */ = {isa = PBXBuildFile; fileRef = 94572E8C13DB877A003F35DC /* SGObject.h */; settings = {ATTRIBUTES = (Public, ); }; };
		94572EC213DB877A003F35DC /* SGObject.m in Sources */ = {isa = PBXBuildFile; fileRef = 94572E8D13DB877A003F35DC /* SGObject.m */; };
		94572EC313DB877A003F35DC /* SGPlace.h in Headers */ = {isa = PBXBuildFile; fileRef = 94572E8E13DB877A003F35DC /* SGPlace.h */; settings = {ATTRIBUTES = (Public, ); }; };
		94572EC413DB877A003F35DC /* SGPlace.m in Sources */ = {isa = PBXBuildFile; fileRef = 94572E8F13DB877A003F35DC /* SGPlace.m */; };
		94572EC513DB877A003F35DC /* SGStoredRecord.h in Headers */ = {isa = PBXBuildFile; fileRef = 94572E9013DB877A003F35DC /* SGStoredRecord.h */; settings = {ATTRIBUTES = (Public, ); }; };
		94572EC613DB877A003F35DC /* SGStoredRecord.m in Sources */ = {isa = PBXBuildFile; fileRef = 94572E9113DB877A003F35DC /* SGStoredRecord.m */; };
		94572ED013DB880B003F35DC /* SGGeometry+Mapkit.h in Headers */ = {isa = PBXBuildFile; fileRef = 94572EC813DB880B003F35DC /* SGGeometry+Mapkit.h */; };
		94572ED113DB880B003F35DC /* SGGeometry+Mapkit.m in Sources */ = {isa = PBXBuildFile; fileRef = 94572EC913DB880B003F35DC /* SGGeometry+Mapkit.m */; };
		94572ED213DB880B003F35DC /* SGMultiPolygon+Mapkit.h in Headers */ = {isa = PBXBuildFile; fileRef = 94572ECA13DB880B003F35DC /* SGMultiPolygon+Mapkit.h */; };
		94572ED313DB880B003F35DC /* SGMultiPolygon+Mapkit.m in Sources */ = {isa = PBXBuildFile; fileRef = 94572ECB13DB880B003F35DC /* SGMultiPolygon+Mapkit.m */; };
		94572ED413DB880B003F35DC /* SGPoint+Mapkit.h in Headers */ = {isa = PBXBuildFile; fileRef = 94572ECC13DB880B003F35DC /* SGPoint+Mapkit.h */; };
		94572ED513DB880B003F35DC /* SGPoint+Mapkit.m in Sources */ = {isa = PBXBuildFile; fileRef = 94572ECD13DB880B003F35DC /* SGPoint+Mapkit.m */; };
		94572ED613DB880B003F35DC /* SGPolygon+Mapkit.h in Headers */ = {isa = PBXBuildFile; fileRef = 94572ECE13DB880B003F35DC /* SGPolygon+Mapkit.h */; };
		94572ED713DB880B003F35DC /* SGPolygon+Mapkit.m in Sources */ = {isa = PBXBuildFile; fileRef = 94572ECF13DB880B003F35DC /* SGPolygon+Mapkit.m */; };
/* End PBXBuildFile section */

/* Begin PBXFileReference section */
		5D1DA88D12DD2AC300556B20 /* ASIBase64Transcoder.c */ = {isa = PBXFileReference; fileEncoding = 4; lastKnownFileType = sourcecode.c.c; path = ASIBase64Transcoder.c; sourceTree = "<group>"; };
		5D1DA88E12DD2AC300556B20 /* ASIBase64Transcoder.h */ = {isa = PBXFileReference; fileEncoding = 4; lastKnownFileType = sourcecode.c.h; path = ASIBase64Transcoder.h; sourceTree = "<group>"; };
		5D4A7C1312F21B1800A2C443 /* Global.xcconfig */ = {isa = PBXFileReference; fileEncoding = 4; lastKnownFileType = text.xcconfig; name = Global.xcconfig; path = ../Global.xcconfig; sourceTree = SOURCE_ROOT; };
		5D79622B12E1164D00B33631 /* Debug-iOS.xcconfig */ = {isa = PBXFileReference; fileEncoding = 4; lastKnownFileType = text.xcconfig; path = "Debug-iOS.xcconfig"; sourceTree = "<group>"; };
		5D79623112E1166B00B33631 /* Shared-iOS.xcconfig */ = {isa = PBXFileReference; fileEncoding = 4; lastKnownFileType = text.xcconfig; path = "Shared-iOS.xcconfig"; sourceTree = "<group>"; };
		5D79623312E1167500B33631 /* Release-iOS.xcconfig */ = {isa = PBXFileReference; fileEncoding = 4; lastKnownFileType = text.xcconfig; path = "Release-iOS.xcconfig"; sourceTree = "<group>"; };
		5DF1FB8512C2C5B60097CF47 /* SimpleGeo.framework */ = {isa = PBXFileReference; explicitFileType = wrapper.cfbundle; includeInIndex = 0; path = SimpleGeo.framework; sourceTree = BUILT_PRODUCTS_DIR; };
		5DF1FB8612C2C5B60097CF47 /* SimpleGeo-Info.plist */ = {isa = PBXFileReference; lastKnownFileType = text.plist.xml; path = "SimpleGeo-Info.plist"; sourceTree = "<group>"; };
		5DF1FD7912C2CD9C0097CF47 /* SimpleGeo_Prefix.pch */ = {isa = PBXFileReference; fileEncoding = 4; lastKnownFileType = sourcecode.c.h; path = SimpleGeo_Prefix.pch; sourceTree = "<group>"; };
		942AAF7413CE4EBA0053A9DC /* YAJLiOS.framework */ = {isa = PBXFileReference; lastKnownFileType = wrapper.framework; name = YAJLiOS.framework; path = ext/YAJLiOS.framework; sourceTree = "<group>"; };
		94306F3E13D13C150097C21A /* ASIAuthenticationDialog.h */ = {isa = PBXFileReference; fileEncoding = 4; lastKnownFileType = sourcecode.c.h; path = ASIAuthenticationDialog.h; sourceTree = "<group>"; };
		94306F3F13D13C150097C21A /* ASIAuthenticationDialog.m */ = {isa = PBXFileReference; fileEncoding = 4; lastKnownFileType = sourcecode.c.objc; path = ASIAuthenticationDialog.m; sourceTree = "<group>"; };
		94306F4013D13C150097C21A /* ASICacheDelegate.h */ = {isa = PBXFileReference; fileEncoding = 4; lastKnownFileType = sourcecode.c.h; path = ASICacheDelegate.h; sourceTree = "<group>"; };
		94306F4113D13C150097C21A /* ASIDataCompressor.h */ = {isa = PBXFileReference; fileEncoding = 4; lastKnownFileType = sourcecode.c.h; path = ASIDataCompressor.h; sourceTree = "<group>"; };
		94306F4213D13C150097C21A /* ASIDataCompressor.m */ = {isa = PBXFileReference; fileEncoding = 4; lastKnownFileType = sourcecode.c.objc; path = ASIDataCompressor.m; sourceTree = "<group>"; };
		94306F4313D13C150097C21A /* ASIDataDecompressor.h */ = {isa = PBXFileReference; fileEncoding = 4; lastKnownFileType = sourcecode.c.h; path = ASIDataDecompressor.h; sourceTree = "<group>"; };
		94306F4413D13C150097C21A /* ASIDataDecompressor.m */ = {isa = PBXFileReference; fileEncoding = 4; lastKnownFileType = sourcecode.c.objc; path = ASIDataDecompressor.m; sourceTree = "<group>"; };
		94306F4513D13C150097C21A /* ASIDownloadCache.h */ = {isa = PBXFileReference; fileEncoding = 4; lastKnownFileType = sourcecode.c.h; path = ASIDownloadCache.h; sourceTree = "<group>"; };
		94306F4613D13C150097C21A /* ASIDownloadCache.m */ = {isa = PBXFileReference; fileEncoding = 4; lastKnownFileType = sourcecode.c.objc; path = ASIDownloadCache.m; sourceTree = "<group>"; };
		94306F4713D13C150097C21A /* ASIFormDataRequest.h */ = {isa = PBXFileReference; fileEncoding = 4; lastKnownFileType = sourcecode.c.h; path = ASIFormDataRequest.h; sourceTree = "<group>"; };
		94306F4813D13C150097C21A /* ASIFormDataRequest.m */ = {isa = PBXFileReference; fileEncoding = 4; lastKnownFileType = sourcecode.c.objc; path = ASIFormDataRequest.m; sourceTree = "<group>"; };
		94306F4913D13C150097C21A /* ASIHTTPRequest.h */ = {isa = PBXFileReference; fileEncoding = 4; lastKnownFileType = sourcecode.c.h; path = ASIHTTPRequest.h; sourceTree = "<group>"; };
		94306F4A13D13C150097C21A /* ASIHTTPRequest.m */ = {isa = PBXFileReference; fileEncoding = 4; lastKnownFileType = sourcecode.c.objc; path = ASIHTTPRequest.m; sourceTree = "<group>"; };
		94306F4B13D13C150097C21A /* ASIHTTPRequestConfig.h */ = {isa = PBXFileReference; fileEncoding = 4; lastKnownFileType = sourcecode.c.h; path = ASIHTTPRequestConfig.h; sourceTree = "<group>"; };
		94306F4C13D13C150097C21A /* ASIHTTPRequestDelegate.h */ = {isa = PBXFileReference; fileEncoding = 4; lastKnownFileType = sourcecode.c.h; path = ASIHTTPRequestDelegate.h; sourceTree = "<group>"; };
		94306F4D13D13C150097C21A /* ASIInputStream.h */ = {isa = PBXFileReference; fileEncoding = 4; lastKnownFileType = sourcecode.c.h; path = ASIInputStream.h; sourceTree = "<group>"; };
		94306F4E13D13C150097C21A /* ASIInputStream.m */ = {isa = PBXFileReference; fileEncoding = 4; lastKnownFileType = sourcecode.c.objc; path = ASIInputStream.m; sourceTree = "<group>"; };
		94306F4F13D13C150097C21A /* ASINetworkQueue.h */ = {isa = PBXFileReference; fileEncoding = 4; lastKnownFileType = sourcecode.c.h; path = ASINetworkQueue.h; sourceTree = "<group>"; };
		94306F5013D13C150097C21A /* ASINetworkQueue.m */ = {isa = PBXFileReference; fileEncoding = 4; lastKnownFileType = sourcecode.c.objc; path = ASINetworkQueue.m; sourceTree = "<group>"; };
		94306F5113D13C150097C21A /* ASIProgressDelegate.h */ = {isa = PBXFileReference; fileEncoding = 4; lastKnownFileType = sourcecode.c.h; path = ASIProgressDelegate.h; sourceTree = "<group>"; };
		94306F9513D13C150097C21A /* Reachability.h */ = {isa = PBXFileReference; fileEncoding = 4; lastKnownFileType = sourcecode.c.h; path = Reachability.h; sourceTree = "<group>"; };
		94306F9613D13C150097C21A /* Reachability.m */ = {isa = PBXFileReference; fileEncoding = 4; lastKnownFileType = sourcecode.c.objc; path = Reachability.m; sourceTree = "<group>"; };
		9430702D13D13C150097C21A /* ASIFormDataRequest+OAuth.h */ = {isa = PBXFileReference; fileEncoding = 4; lastKnownFileType = sourcecode.c.h; path = "ASIFormDataRequest+OAuth.h"; sourceTree = "<group>"; };
		9430702E13D13C150097C21A /* ASIFormDataRequest+OAuth.m */ = {isa = PBXFileReference; fileEncoding = 4; lastKnownFileType = sourcecode.c.objc; path = "ASIFormDataRequest+OAuth.m"; sourceTree = "<group>"; };
		9430702F13D13C150097C21A /* ASIHTTPRequest+OAuth.h */ = {isa = PBXFileReference; fileEncoding = 4; lastKnownFileType = sourcecode.c.h; path = "ASIHTTPRequest+OAuth.h"; sourceTree = "<group>"; };
		9430703013D13C150097C21A /* ASIHTTPRequest+OAuth.m */ = {isa = PBXFileReference; fileEncoding = 4; lastKnownFileType = sourcecode.c.objc; path = "ASIHTTPRequest+OAuth.m"; sourceTree = "<group>"; };
		9430703213D13C150097C21A /* NSData+Base64.h */ = {isa = PBXFileReference; fileEncoding = 4; lastKnownFileType = sourcecode.c.h; path = "NSData+Base64.h"; sourceTree = "<group>"; };
		9430703313D13C150097C21A /* NSData+Base64.m */ = {isa = PBXFileReference; fileEncoding = 4; lastKnownFileType = sourcecode.c.objc; path = "NSData+Base64.m"; sourceTree = "<group>"; };
		9430703413D13C150097C21A /* NSString+URLEncode.h */ = {isa = PBXFileReference; fileEncoding = 4; lastKnownFileType = sourcecode.c.h; path = "NSString+URLEncode.h"; sourceTree = "<group>"; };
		9430703513D13C150097C21A /* NSString+URLEncode.m */ = {isa = PBXFileReference; fileEncoding = 4; lastKnownFileType = sourcecode.c.objc; path = "NSString+URLEncode.m"; sourceTree = "<group>"; };
		94572E5813DB877A003F35DC /* SGCategories.h */ = {isa = PBXFileReference; fileEncoding = 4; lastKnownFileType = sourcecode.c.h; path = SGCategories.h; sourceTree = "<group>"; };
		94572E5913DB877A003F35DC /* SGTypes.h */ = {isa = PBXFileReference; fileEncoding = 4; lastKnownFileType = sourcecode.c.h; path = SGTypes.h; sourceTree = "<group>"; };
		94572E5A13DB877A003F35DC /* SGTypes.m */ = {isa = PBXFileReference; fileEncoding = 4; lastKnownFileType = sourcecode.c.objc; path = SGTypes.m; sourceTree = "<group>"; };
		94572E5C13DB877A003F35DC /* SGContextQuery.h */ = {isa = PBXFileReference; fileEncoding = 4; lastKnownFileType = sourcecode.c.h; path = SGContextQuery.h; sourceTree = "<group>"; };
		94572E5D13DB877A003F35DC /* SGContextQuery.m */ = {isa = PBXFileReference; fileEncoding = 4; lastKnownFileType = sourcecode.c.objc; path = SGContextQuery.m; sourceTree = "<group>"; };
		94572E5E13DB877A003F35DC /* SGNearbyQuery.h */ = {isa = PBXFileReference; fileEncoding = 4; lastKnownFileType = sourcecode.c.h; path = SGNearbyQuery.h; sourceTree = "<group>"; };
		94572E5F13DB877A003F35DC /* SGNearbyQuery.m */ = {isa = PBXFileReference; fileEncoding = 4; lastKnownFileType = sourcecode.c.objc; path = SGNearbyQuery.m; sourceTree = "<group>"; };
		94572E6013DB877A003F35DC /* SGPlacesQuery.h */ = {isa = PBXFileReference; fileEncoding = 4; lastKnownFileType = sourcecode.c.h; path = SGPlacesQuery.h; sourceTree = "<group>"; };
		94572E6113DB877A003F35DC /* SGPlacesQuery.m */ = {isa = PBXFileReference; fileEncoding = 4; lastKnownFileType = sourcecode.c.objc; path = SGPlacesQuery.m; sourceTree = "<group>"; };
		94572E6313DB877A003F35DC /* SGQuery.h */ = {isa = PBXFileReference; fileEncoding = 4; lastKnownFileType = sourcecode.c.h; path = SGQuery.h; sourceTree = "<group>"; };
		94572E6413DB877A003F35DC /* SGQuery.m */ = {isa = PBXFileReference; fileEncoding = 4; lastKnownFileType = sourcecode.c.objc; path = SGQuery.m; sourceTree = "<group>"; };
		94572E6513DB877A003F35DC /* SGStorageQuery.h */ = {isa = PBXFileReference; fileEncoding = 4; lastKnownFileType = sourcecode.c.h; path = SGStorageQuery.h; sourceTree = "<group>"; };
		94572E6613DB877A003F35DC /* SGStorageQuery.m */ = {isa = PBXFileReference; fileEncoding = 4; lastKnownFileType = sourcecode.c.objc; path = SGStorageQuery.m; sourceTree = "<group>"; };
		94572E6813DB877A003F35DC /* SimpleGeo+Context.h */ = {isa = PBXFileReference; fileEncoding = 4; lastKnownFileType = sourcecode.c.h; path = "SimpleGeo+Context.h"; sourceTree = "<group>"; };
		94572E6913DB877A003F35DC /* SimpleGeo+Context.m */ = {isa = PBXFileReference; fileEncoding = 4; lastKnownFileType = sourcecode.c.objc; path = "SimpleGeo+Context.m"; sourceTree = "<group>"; };
		94572E6A13DB877A003F35DC /* SimpleGeo+Features.h */ = {isa = PBXFileReference; fileEncoding = 4; lastKnownFileType = sourcecode.c.h; path = "SimpleGeo+Features.h"; sourceTree = "<group>"; };
		94572E6B13DB877A003F35DC /* SimpleGeo+Features.m */ = {isa = PBXFileReference; fileEncoding = 4; lastKnownFileType = sourcecode.c.objc; path = "SimpleGeo+Features.m"; sourceTree = "<group>"; };
		94572E6C13DB877A003F35DC /* SimpleGeo+Places.h */ = {isa = PBXFileReference; fileEncoding = 4; lastKnownFileType = sourcecode.c.h; path = "SimpleGeo+Places.h"; sourceTree = "<group>"; };
		94572E6D13DB877A003F35DC /* SimpleGeo+Places.m */ = {isa = PBXFileReference; fileEncoding = 4; lastKnownFileType = sourcecode.c.objc; path = "SimpleGeo+Places.m"; sourceTree = "<group>"; };
		94572E6E13DB877A003F35DC /* SimpleGeo+Storage.h */ = {isa = PBXFileReference; fileEncoding = 4; lastKnownFileType = sourcecode.c.h; path = "SimpleGeo+Storage.h"; sourceTree = "<group>"; };
		94572E6F13DB877A003F35DC /* SimpleGeo+Storage.m */ = {isa = PBXFileReference; fileEncoding = 4; lastKnownFileType = sourcecode.c.objc; path = "SimpleGeo+Storage.m"; sourceTree = "<group>"; };
		94572E7013DB877A003F35DC /* SGCallback.h */ = {isa = PBXFileReference; fileEncoding = 4; lastKnownFileType = sourcecode.c.h; path = SGCallback.h; sourceTree = "<group>"; };
		94572E7113DB877A003F35DC /* SGCallback.m */ = {isa = PBXFileReference; fileEncoding = 4; lastKnownFileType = sourcecode.c.objc; path = SGCallback.m; sourceTree = "<group>"; };
		94572E7213DB877A003F35DC /* SimpleGeo+Internal.h */ = {isa = PBXFileReference; fileEncoding = 4; lastKnownFileType = sourcecode.c.h; path = "SimpleGeo+Internal.h"; sourceTree = "<group>"; };
		94572E7313DB877A003F35DC /* SimpleGeo+Internal.m */ = {isa = PBXFileReference; fileEncoding = 4; lastKnownFileType = sourcecode.c.objc; path = "SimpleGeo+Internal.m"; sourceTree = "<group>"; };
		94572E7413DB877A003F35DC /* SimpleGeo.h */ = {isa = PBXFileReference; fileEncoding = 4; lastKnownFileType = sourcecode.c.h; path = SimpleGeo.h; sourceTree = "<group>"; };
		94572E7513DB877A003F35DC /* SimpleGeo.m */ = {isa = PBXFileReference; fileEncoding = 4; lastKnownFileType = sourcecode.c.objc; path = SimpleGeo.m; sourceTree = "<group>"; };
		94572E7813DB877A003F35DC /* NSArray+SGCollection.h */ = {isa = PBXFileReference; fileEncoding = 4; lastKnownFileType = sourcecode.c.h; path = "NSArray+SGCollection.h"; sourceTree = "<group>"; };
		94572E7913DB877A003F35DC /* NSArray+SGCollection.m */ = {isa = PBXFileReference; fileEncoding = 4; lastKnownFileType = sourcecode.c.objc; path = "NSArray+SGCollection.m"; sourceTree = "<group>"; };
		94572E7A13DB877A003F35DC /* NSDictionary+Classifier.h */ = {isa = PBXFileReference; fileEncoding = 4; lastKnownFileType = sourcecode.c.h; path = "NSDictionary+Classifier.h"; sourceTree = "<group>"; };
		94572E7B13DB877A003F35DC /* NSDictionary+Classifier.m */ = {isa = PBXFileReference; fileEncoding = 4; lastKnownFileType = sourcecode.c.objc; path = "NSDictionary+Classifier.m"; sourceTree = "<group>"; };
		94572E7D13DB877A003F35DC /* SGEnvelope.h */ = {isa = PBXFileReference; fileEncoding = 4; lastKnownFileType = sourcecode.c.h; path = SGEnvelope.h; sourceTree = "<group>"; };
		94572E7E13DB877A003F35DC /* SGEnvelope.m */ = {isa = PBXFileReference; fileEncoding = 4; lastKnownFileType = sourcecode.c.objc; path = SGEnvelope.m; sourceTree = "<group>"; };
		94572E7F13DB877A003F35DC /* SGGeometry.h */ = {isa = PBXFileReference; fileEncoding = 4; lastKnownFileType = sourcecode.c.h; path = SGGeometry.h; sourceTree = "<group>"; };
		94572E8013DB877A003F35DC /* SGGeometry.m */ = {isa = PBXFileReference; fileEncoding = 4; lastKnownFileType = sourcecode.c.objc; path = SGGeometry.m; sourceTree = "<group>"; };
		94572E8113DB877A003F35DC /* SGMultiPolygon.h */ = {isa = PBXFileReference; fileEncoding = 4; lastKnownFileType = sourcecode.c.h; path = SGMultiPolygon.h; sourceTree = "<group>"; };
		94572E8213DB877A003F35DC /* SGMultiPolygon.m */ = {isa = PBXFileReference; fileEncoding = 4; lastKnownFileType = sourcecode.c.objc; path = SGMultiPolygon.m; sourceTree = "<group>"; };
		94572E8313DB877A003F35DC /* SGPoint+Private.h */ = {isa = PBXFileReference; fileEncoding = 4; lastKnownFileType = sourcecode.c.h; path = "SGPoint+Private.h"; sourceTree = "<group>"; };
		94572E8413DB877A003F35DC /* SGPoint.h */ = {isa = PBXFileReference; fileEncoding = 4; lastKnownFileType = sourcecode.c.h; path = SGPoint.h; sourceTree = "<group>"; };
		94572E8513DB877A003F35DC /* SGPoint.m */ = {isa = PBXFileReference; fileEncoding = 4; lastKnownFileType = sourcecode.c.objc; path = SGPoint.m; sourceTree = "<group>"; };
		94572E8613DB877A003F35DC /* SGPolygon+Private.h */ = {isa = PBXFileReference; fileEncoding = 4; lastKnownFileType = sourcecode.c.h; path = "SGPolygon+Private.h"; sourceTree = "<group>"; };
		94572E8713DB877A003F35DC /* SGPolygon.h */ = {isa = PBXFileReference; fileEncoding = 4; lastKnownFileType = sourcecode.c.h; path = SGPolygon.h; sourceTree = "<group>"; };
		94572E8813DB877A003F35DC /* SGPolygon.m */ = {isa = PBXFileReference; fileEncoding = 4; lastKnownFileType = sourcecode.c.objc; path = SGPolygon.m; sourceTree = "<group>"; };
		94572E8913DB877A003F35DC /* SGFeature.h */ = {isa = PBXFileReference; fileEncoding = 4; lastKnownFileType = sourcecode.c.h; path = SGFeature.h; sourceTree = "<group>"; };
		94572E8A13DB877A003F35DC /* SGFeature.m */ = {isa = PBXFileReference; fileEncoding = 4; lastKnownFileType = sourcecode.c.objc; path = SGFeature.m; sourceTree = "<group>"; };
		94572E8C13DB877A003F35DC /* SGObject.h */ = {isa = PBXFileReference; fileEncoding = 4; lastKnownFileType = sourcecode.c.h; path = SGObject.h; sourceTree = "<group>"; };
		94572E8D13DB877A003F35DC /* SGObject.m */ = {isa = PBXFileReference; fileEncoding = 4; lastKnownFileType = sourcecode.c.objc; path = SGObject.m; sourceTree = "<group>"; };
		94572E8E13DB877A003F35DC /* SGPlace.h */ = {isa = PBXFileReference; fileEncoding = 4; lastKnownFileType = sourcecode.c.h; path = SGPlace.h; sourceTree = "<group>"; };
		94572E8F13DB877A003F35DC /* SGPlace.m */ = {isa = PBXFileReference; fileEncoding = 4; lastKnownFileType = sourcecode.c.objc; path = SGPlace.m; sourceTree = "<group>"; };
		94572E9013DB877A003F35DC /* SGStoredRecord.h */ = {isa = PBXFileReference; fileEncoding = 4; lastKnownFileType = sourcecode.c.h; path = SGStoredRecord.h; sourceTree = "<group>"; };
		94572E9113DB877A003F35DC /* SGStoredRecord.m */ = {isa = PBXFileReference; fileEncoding = 4; lastKnownFileType = sourcecode.c.objc; path = SGStoredRecord.m; sourceTree = "<group>"; };
		94572EC813DB880B003F35DC /* SGGeometry+Mapkit.h */ = {isa = PBXFileReference; fileEncoding = 4; lastKnownFileType = sourcecode.c.h; path = "SGGeometry+Mapkit.h"; sourceTree = "<group>"; };
		94572EC913DB880B003F35DC /* SGGeometry+Mapkit.m */ = {isa = PBXFileReference; fileEncoding = 4; lastKnownFileType = sourcecode.c.objc; path = "SGGeometry+Mapkit.m"; sourceTree = "<group>"; };
		94572ECA13DB880B003F35DC /* SGMultiPolygon+Mapkit.h */ = {isa = PBXFileReference; fileEncoding = 4; lastKnownFileType = sourcecode.c.h; path = "SGMultiPolygon+Mapkit.h"; sourceTree = "<group>"; };
		94572ECB13DB880B003F35DC /* SGMultiPolygon+Mapkit.m */ = {isa = PBXFileReference; fileEncoding = 4; lastKnownFileType = sourcecode.c.objc; path = "SGMultiPolygon+Mapkit.m"; sourceTree = "<group>"; };
		94572ECC13DB880B003F35DC /* SGPoint+Mapkit.h */ = {isa = PBXFileReference; fileEncoding = 4; lastKnownFileType = sourcecode.c.h; path = "SGPoint+Mapkit.h"; sourceTree = "<group>"; };
		94572ECD13DB880B003F35DC /* SGPoint+Mapkit.m */ = {isa = PBXFileReference; fileEncoding = 4; lastKnownFileType = sourcecode.c.objc; path = "SGPoint+Mapkit.m"; sourceTree = "<group>"; };
		94572ECE13DB880B003F35DC /* SGPolygon+Mapkit.h */ = {isa = PBXFileReference; fileEncoding = 4; lastKnownFileType = sourcecode.c.h; path = "SGPolygon+Mapkit.h"; sourceTree = "<group>"; };
		94572ECF13DB880B003F35DC /* SGPolygon+Mapkit.m */ = {isa = PBXFileReference; fileEncoding = 4; lastKnownFileType = sourcecode.c.objc; path = "SGPolygon+Mapkit.m"; sourceTree = "<group>"; };
/* End PBXFileReference section */

/* Begin PBXFrameworksBuildPhase section */
		5DF1FB8312C2C5B60097CF47 /* Frameworks */ = {
			isa = PBXFrameworksBuildPhase;
			buildActionMask = 2147483647;
			files = (
				942AAF7513CE4EBA0053A9DC /* YAJLiOS.framework in Frameworks */,
			);
			runOnlyForDeploymentPostprocessing = 0;
		};
/* End PBXFrameworksBuildPhase section */

/* Begin PBXGroup section */
		034768DFFF38A50411DB9C8B /* Products */ = {
			isa = PBXGroup;
			children = (
				5DF1FB8512C2C5B60097CF47 /* SimpleGeo.framework */,
			);
			name = Products;
			sourceTree = "<group>";
		};
		0867D691FE84028FC02AAC07 /* SimpleGeo */ = {
			isa = PBXGroup;
			children = (
				5D79622A12E1163D00B33631 /* Build Configuration */,
				94572E5513DB877A003F35DC /* Classes */,
				32C88DFF0371C24200C91783 /* Other Sources */,
				94E6A16513CE0365004F0E45 /* Resources */,
				5DF1FBF112C2C7A30097CF47 /* Frameworks & Libraries */,
				034768DFFF38A50411DB9C8B /* Products */,
			);
			name = SimpleGeo;
			sourceTree = "<group>";
		};
		32C88DFF0371C24200C91783 /* Other Sources */ = {
			isa = PBXGroup;
			children = (
				5DF1FD7912C2CD9C0097CF47 /* SimpleGeo_Prefix.pch */,
			);
			name = "Other Sources";
			sourceTree = "<group>";
		};
		5D79622A12E1163D00B33631 /* Build Configuration */ = {
			isa = PBXGroup;
			children = (
				5D79622B12E1164D00B33631 /* Debug-iOS.xcconfig */,
				5D4A7C1312F21B1800A2C443 /* Global.xcconfig */,
				5D79623112E1166B00B33631 /* Shared-iOS.xcconfig */,
				5D79623312E1167500B33631 /* Release-iOS.xcconfig */,
			);
			name = "Build Configuration";
			sourceTree = "<group>";
		};
		5DF1FB9E12C2C6F50097CF47 /* TouchFoundation */ = {
			isa = PBXGroup;
			children = (
				5D1DA88D12DD2AC300556B20 /* ASIBase64Transcoder.c */,
				5D1DA88E12DD2AC300556B20 /* ASIBase64Transcoder.h */,
			);
			name = TouchFoundation;
			path = ../ext/TouchFoundation;
			sourceTree = "<group>";
		};
		5DF1FBF112C2C7A30097CF47 /* Frameworks & Libraries */ = {
			isa = PBXGroup;
			children = (
				94E6A16613CE0391004F0E45 /* Imported Libraries */,
				942AAF7613CE4F1B0053A9DC /* External Frameworks */,
			);
			name = "Frameworks & Libraries";
			sourceTree = "<group>";
		};
		942AAF7613CE4F1B0053A9DC /* External Frameworks */ = {
			isa = PBXGroup;
			children = (
				942AAF7413CE4EBA0053A9DC /* YAJLiOS.framework */,
			);
			name = "External Frameworks";
			sourceTree = "<group>";
		};
		94306F1113D13C150097C21A /* asi-http-request */ = {
			isa = PBXGroup;
			children = (
				94306F3D13D13C150097C21A /* Classes */,
				94306F9113D13C150097C21A /* External */,
			);
			name = "asi-http-request";
			path = "../ext/asi-http-request";
			sourceTree = "<group>";
		};
		94306F3D13D13C150097C21A /* Classes */ = {
			isa = PBXGroup;
			children = (
				94306F3E13D13C150097C21A /* ASIAuthenticationDialog.h */,
				94306F3F13D13C150097C21A /* ASIAuthenticationDialog.m */,
				94306F4013D13C150097C21A /* ASICacheDelegate.h */,
				94306F4113D13C150097C21A /* ASIDataCompressor.h */,
				94306F4213D13C150097C21A /* ASIDataCompressor.m */,
				94306F4313D13C150097C21A /* ASIDataDecompressor.h */,
				94306F4413D13C150097C21A /* ASIDataDecompressor.m */,
				94306F4513D13C150097C21A /* ASIDownloadCache.h */,
				94306F4613D13C150097C21A /* ASIDownloadCache.m */,
				94306F4713D13C150097C21A /* ASIFormDataRequest.h */,
				94306F4813D13C150097C21A /* ASIFormDataRequest.m */,
				94306F4913D13C150097C21A /* ASIHTTPRequest.h */,
				94306F4A13D13C150097C21A /* ASIHTTPRequest.m */,
				94306F4B13D13C150097C21A /* ASIHTTPRequestConfig.h */,
				94306F4C13D13C150097C21A /* ASIHTTPRequestDelegate.h */,
				94306F4D13D13C150097C21A /* ASIInputStream.h */,
				94306F4E13D13C150097C21A /* ASIInputStream.m */,
				94306F4F13D13C150097C21A /* ASINetworkQueue.h */,
				94306F5013D13C150097C21A /* ASINetworkQueue.m */,
				94306F5113D13C150097C21A /* ASIProgressDelegate.h */,
			);
			path = Classes;
			sourceTree = "<group>";
		};
		94306F9113D13C150097C21A /* External */ = {
			isa = PBXGroup;
			children = (
				94306F9413D13C150097C21A /* Reachability */,
			);
			path = External;
			sourceTree = "<group>";
		};
		94306F9413D13C150097C21A /* Reachability */ = {
			isa = PBXGroup;
			children = (
				94306F9513D13C150097C21A /* Reachability.h */,
				94306F9613D13C150097C21A /* Reachability.m */,
			);
			path = Reachability;
			sourceTree = "<group>";
		};
		94306FD413D13C150097C21A /* asi-http-request-oauth */ = {
			isa = PBXGroup;
			children = (
				9430702D13D13C150097C21A /* ASIFormDataRequest+OAuth.h */,
				9430702E13D13C150097C21A /* ASIFormDataRequest+OAuth.m */,
				9430702F13D13C150097C21A /* ASIHTTPRequest+OAuth.h */,
				9430703013D13C150097C21A /* ASIHTTPRequest+OAuth.m */,
				9430703213D13C150097C21A /* NSData+Base64.h */,
				9430703313D13C150097C21A /* NSData+Base64.m */,
				9430703413D13C150097C21A /* NSString+URLEncode.h */,
				9430703513D13C150097C21A /* NSString+URLEncode.m */,
			);
			name = "asi-http-request-oauth";
			path = "../ext/asi-http-request-oauth";
			sourceTree = "<group>";
		};
		94572E5513DB877A003F35DC /* Classes */ = {
			isa = PBXGroup;
			children = (
				94572E5613DB877A003F35DC /* Client */,
				94572E7613DB877A003F35DC /* Model */,
				94572EC713DB880B003F35DC /* Mapkit */,
			);
			name = Classes;
			path = ../Classes;
			sourceTree = "<group>";
		};
		94572E5613DB877A003F35DC /* Client */ = {
			isa = PBXGroup;
			children = (
				94572E5713DB877A003F35DC /* Params */,
				94572E5B13DB877A003F35DC /* Queries */,
				94572E6713DB877A003F35DC /* Services */,
				94572E7013DB877A003F35DC /* SGCallback.h */,
				94572E7113DB877A003F35DC /* SGCallback.m */,
				94572E7213DB877A003F35DC /* SimpleGeo+Internal.h */,
				94572E7313DB877A003F35DC /* SimpleGeo+Internal.m */,
				94572E7413DB877A003F35DC /* SimpleGeo.h */,
				94572E7513DB877A003F35DC /* SimpleGeo.m */,
			);
			path = Client;
			sourceTree = "<group>";
		};
		94572E5713DB877A003F35DC /* Params */ = {
			isa = PBXGroup;
			children = (
				94572E5813DB877A003F35DC /* SGCategories.h */,
				94572E5913DB877A003F35DC /* SGTypes.h */,
				94572E5A13DB877A003F35DC /* SGTypes.m */,
			);
			path = Params;
			sourceTree = "<group>";
		};
		94572E5B13DB877A003F35DC /* Queries */ = {
			isa = PBXGroup;
			children = (
				94572E5C13DB877A003F35DC /* SGContextQuery.h */,
				94572E5D13DB877A003F35DC /* SGContextQuery.m */,
				94572E5E13DB877A003F35DC /* SGNearbyQuery.h */,
				94572E5F13DB877A003F35DC /* SGNearbyQuery.m */,
				94572E6013DB877A003F35DC /* SGPlacesQuery.h */,
				94572E6113DB877A003F35DC /* SGPlacesQuery.m */,
				94572E6313DB877A003F35DC /* SGQuery.h */,
				94572E6413DB877A003F35DC /* SGQuery.m */,
				94572E6513DB877A003F35DC /* SGStorageQuery.h */,
				94572E6613DB877A003F35DC /* SGStorageQuery.m */,
			);
			path = Queries;
			sourceTree = "<group>";
		};
		94572E6713DB877A003F35DC /* Services */ = {
			isa = PBXGroup;
			children = (
				94572E6813DB877A003F35DC /* SimpleGeo+Context.h */,
				94572E6913DB877A003F35DC /* SimpleGeo+Context.m */,
				94572E6A13DB877A003F35DC /* SimpleGeo+Features.h */,
				94572E6B13DB877A003F35DC /* SimpleGeo+Features.m */,
				94572E6C13DB877A003F35DC /* SimpleGeo+Places.h */,
				94572E6D13DB877A003F35DC /* SimpleGeo+Places.m */,
				94572E6E13DB877A003F35DC /* SimpleGeo+Storage.h */,
				94572E6F13DB877A003F35DC /* SimpleGeo+Storage.m */,
			);
			path = Services;
			sourceTree = "<group>";
		};
		94572E7613DB877A003F35DC /* Model */ = {
			isa = PBXGroup;
			children = (
				94572E7713DB877A003F35DC /* Additions */,
				94572E7C13DB877A003F35DC /* Geometries */,
				94572E8913DB877A003F35DC /* SGFeature.h */,
				94572E8A13DB877A003F35DC /* SGFeature.m */,
				94572E8C13DB877A003F35DC /* SGObject.h */,
				94572E8D13DB877A003F35DC /* SGObject.m */,
				94572E8E13DB877A003F35DC /* SGPlace.h */,
				94572E8F13DB877A003F35DC /* SGPlace.m */,
				94572E9013DB877A003F35DC /* SGStoredRecord.h */,
				94572E9113DB877A003F35DC /* SGStoredRecord.m */,
			);
			path = Model;
			sourceTree = "<group>";
		};
		94572E7713DB877A003F35DC /* Additions */ = {
			isa = PBXGroup;
			children = (
				94572E7813DB877A003F35DC /* NSArray+SGCollection.h */,
				94572E7913DB877A003F35DC /* NSArray+SGCollection.m */,
				94572E7A13DB877A003F35DC /* NSDictionary+Classifier.h */,
				94572E7B13DB877A003F35DC /* NSDictionary+Classifier.m */,
			);
			path = Additions;
			sourceTree = "<group>";
		};
		94572E7C13DB877A003F35DC /* Geometries */ = {
			isa = PBXGroup;
			children = (
				94572E7D13DB877A003F35DC /* SGEnvelope.h */,
				94572E7E13DB877A003F35DC /* SGEnvelope.m */,
				94572E7F13DB877A003F35DC /* SGGeometry.h */,
				94572E8013DB877A003F35DC /* SGGeometry.m */,
				94572E8113DB877A003F35DC /* SGMultiPolygon.h */,
				94572E8213DB877A003F35DC /* SGMultiPolygon.m */,
				94572E8313DB877A003F35DC /* SGPoint+Private.h */,
				94572E8413DB877A003F35DC /* SGPoint.h */,
				94572E8513DB877A003F35DC /* SGPoint.m */,
				94572E8613DB877A003F35DC /* SGPolygon+Private.h */,
				94572E8713DB877A003F35DC /* SGPolygon.h */,
				94572E8813DB877A003F35DC /* SGPolygon.m */,
			);
			path = Geometries;
			sourceTree = "<group>";
		};
		94572EC713DB880B003F35DC /* Mapkit */ = {
			isa = PBXGroup;
			children = (
				94572EC813DB880B003F35DC /* SGGeometry+Mapkit.h */,
				94572EC913DB880B003F35DC /* SGGeometry+Mapkit.m */,
				94572ECA13DB880B003F35DC /* SGMultiPolygon+Mapkit.h */,
				94572ECB13DB880B003F35DC /* SGMultiPolygon+Mapkit.m */,
				94572ECC13DB880B003F35DC /* SGPoint+Mapkit.h */,
				94572ECD13DB880B003F35DC /* SGPoint+Mapkit.m */,
				94572ECE13DB880B003F35DC /* SGPolygon+Mapkit.h */,
				94572ECF13DB880B003F35DC /* SGPolygon+Mapkit.m */,
			);
			name = Mapkit;
			path = Classes/Mapkit;
			sourceTree = SOURCE_ROOT;
		};
		94E6A16513CE0365004F0E45 /* Resources */ = {
			isa = PBXGroup;
			children = (
				5DF1FB8612C2C5B60097CF47 /* SimpleGeo-Info.plist */,
			);
			name = Resources;
			sourceTree = "<group>";
		};
		94E6A16613CE0391004F0E45 /* Imported Libraries */ = {
			isa = PBXGroup;
			children = (
				94306F1113D13C150097C21A /* asi-http-request */,
				94306FD413D13C150097C21A /* asi-http-request-oauth */,
				5DF1FB9E12C2C6F50097CF47 /* TouchFoundation */,
			);
			name = "Imported Libraries";
			sourceTree = "<group>";
		};
/* End PBXGroup section */

/* Begin PBXHeadersBuildPhase section */
		5DF1FBDC12C2C7860097CF47 /* Headers */ = {
			isa = PBXHeadersBuildPhase;
			buildActionMask = 2147483647;
			files = (
				9430706813D13C150097C21A /* ASIHTTPRequest.h in Headers */,
				9430705D13D13C150097C21A /* ASIAuthenticationDialog.h in Headers */,
				9430705F13D13C150097C21A /* ASICacheDelegate.h in Headers */,
				9430706013D13C150097C21A /* ASIDataCompressor.h in Headers */,
				9430706213D13C150097C21A /* ASIDataDecompressor.h in Headers */,
				9430706413D13C150097C21A /* ASIDownloadCache.h in Headers */,
				9430706613D13C150097C21A /* ASIFormDataRequest.h in Headers */,
				9430706A13D13C150097C21A /* ASIHTTPRequestConfig.h in Headers */,
				9430706B13D13C150097C21A /* ASIHTTPRequestDelegate.h in Headers */,
				9430706C13D13C150097C21A /* ASIInputStream.h in Headers */,
				9430706E13D13C150097C21A /* ASINetworkQueue.h in Headers */,
				9430707013D13C150097C21A /* ASIProgressDelegate.h in Headers */,
				943070AD13D13C150097C21A /* Reachability.h in Headers */,
				9430711013D13C150097C21A /* ASIFormDataRequest+OAuth.h in Headers */,
				9430711213D13C150097C21A /* ASIHTTPRequest+OAuth.h in Headers */,
				94572E9213DB877A003F35DC /* SGCategories.h in Headers */,
				94572E9313DB877A003F35DC /* SGTypes.h in Headers */,
				94572E9513DB877A003F35DC /* SGContextQuery.h in Headers */,
				94572E9713DB877A003F35DC /* SGNearbyQuery.h in Headers */,
				94572E9913DB877A003F35DC /* SGPlacesQuery.h in Headers */,
				94572E9C13DB877A003F35DC /* SGQuery.h in Headers */,
				94572E9E13DB877A003F35DC /* SGStorageQuery.h in Headers */,
				94572EA013DB877A003F35DC /* SimpleGeo+Context.h in Headers */,
				94572EA213DB877A003F35DC /* SimpleGeo+Features.h in Headers */,
				94572EA413DB877A003F35DC /* SimpleGeo+Places.h in Headers */,
				94572EA613DB877A003F35DC /* SimpleGeo+Storage.h in Headers */,
				94572EA813DB877A003F35DC /* SGCallback.h in Headers */,
				94572EAC13DB877A003F35DC /* SimpleGeo.h in Headers */,
				94572EAE13DB877A003F35DC /* NSArray+SGCollection.h in Headers */,
				94572EB013DB877A003F35DC /* NSDictionary+Classifier.h in Headers */,
				94572EB213DB877A003F35DC /* SGEnvelope.h in Headers */,
				94572EB413DB877A003F35DC /* SGGeometry.h in Headers */,
				94572EB613DB877A003F35DC /* SGMultiPolygon.h in Headers */,
				94572EB913DB877A003F35DC /* SGPoint.h in Headers */,
				94572EBC13DB877A003F35DC /* SGPolygon.h in Headers */,
				94572EBE13DB877A003F35DC /* SGFeature.h in Headers */,
				94572EC113DB877A003F35DC /* SGObject.h in Headers */,
				94572EC313DB877A003F35DC /* SGPlace.h in Headers */,
				94572EC513DB877A003F35DC /* SGStoredRecord.h in Headers */,
				94572EAA13DB877A003F35DC /* SimpleGeo+Internal.h in Headers */,
				94572EB813DB877A003F35DC /* SGPoint+Private.h in Headers */,
				94572EBB13DB877A003F35DC /* SGPolygon+Private.h in Headers */,
				5D1DA89012DD2AC300556B20 /* ASIBase64Transcoder.h in Headers */,
				9430711513D13C150097C21A /* NSData+Base64.h in Headers */,
				9430711713D13C150097C21A /* NSString+URLEncode.h in Headers */,
				94572ED013DB880B003F35DC /* SGGeometry+Mapkit.h in Headers */,
				94572ED213DB880B003F35DC /* SGMultiPolygon+Mapkit.h in Headers */,
				94572ED413DB880B003F35DC /* SGPoint+Mapkit.h in Headers */,
				94572ED613DB880B003F35DC /* SGPolygon+Mapkit.h in Headers */,
			);
			runOnlyForDeploymentPostprocessing = 0;
		};
/* End PBXHeadersBuildPhase section */

/* Begin PBXNativeTarget section */
		5DF1FB8412C2C5B60097CF47 /* SimpleGeo */ = {
			isa = PBXNativeTarget;
			buildConfigurationList = 5DF1FB8912C2C5B70097CF47 /* Build configuration list for PBXNativeTarget "SimpleGeo" */;
			buildPhases = (
				5DF1FBDC12C2C7860097CF47 /* Headers */,
				5DF1FB8112C2C5B60097CF47 /* Resources */,
				5DF1FB8212C2C5B60097CF47 /* Sources */,
				5DF1FB8312C2C5B60097CF47 /* Frameworks */,
			);
			buildRules = (
			);
			dependencies = (
			);
			name = SimpleGeo;
			productName = SimpleGeo;
			productReference = 5DF1FB8512C2C5B60097CF47 /* SimpleGeo.framework */;
			productType = "com.apple.product-type.bundle";
		};
/* End PBXNativeTarget section */

/* Begin PBXProject section */
		0867D690FE84028FC02AAC07 /* Project object */ = {
			isa = PBXProject;
			buildConfigurationList = 1DEB922208733DC00010E9CD /* Build configuration list for PBXProject "SimpleGeo" */;
			compatibilityVersion = "Xcode 3.1";
			developmentRegion = English;
			hasScannedForEncodings = 1;
			knownRegions = (
				English,
				Japanese,
				French,
				German,
			);
			mainGroup = 0867D691FE84028FC02AAC07 /* SimpleGeo */;
			productRefGroup = 034768DFFF38A50411DB9C8B /* Products */;
			projectDirPath = "";
			projectRoot = "";
			targets = (
				5DF1FB8412C2C5B60097CF47 /* SimpleGeo */,
			);
		};
/* End PBXProject section */

/* Begin PBXResourcesBuildPhase section */
		5DF1FB8112C2C5B60097CF47 /* Resources */ = {
			isa = PBXResourcesBuildPhase;
			buildActionMask = 2147483647;
			files = (
			);
			runOnlyForDeploymentPostprocessing = 0;
		};
/* End PBXResourcesBuildPhase section */

/* Begin PBXSourcesBuildPhase section */
		5DF1FB8212C2C5B60097CF47 /* Sources */ = {
			isa = PBXSourcesBuildPhase;
			buildActionMask = 2147483647;
			files = (
				5D1DA88F12DD2AC300556B20 /* ASIBase64Transcoder.c in Sources */,
				9430705E13D13C150097C21A /* ASIAuthenticationDialog.m in Sources */,
				9430706113D13C150097C21A /* ASIDataCompressor.m in Sources */,
				9430706313D13C150097C21A /* ASIDataDecompressor.m in Sources */,
				9430706513D13C150097C21A /* ASIDownloadCache.m in Sources */,
				9430706713D13C150097C21A /* ASIFormDataRequest.m in Sources */,
				9430706913D13C150097C21A /* ASIHTTPRequest.m in Sources */,
				9430706D13D13C150097C21A /* ASIInputStream.m in Sources */,
				9430706F13D13C150097C21A /* ASINetworkQueue.m in Sources */,
				943070AE13D13C150097C21A /* Reachability.m in Sources */,
				9430711113D13C150097C21A /* ASIFormDataRequest+OAuth.m in Sources */,
				9430711313D13C150097C21A /* ASIHTTPRequest+OAuth.m in Sources */,
				9430711613D13C150097C21A /* NSData+Base64.m in Sources */,
				9430711813D13C150097C21A /* NSString+URLEncode.m in Sources */,
				94572E9413DB877A003F35DC /* SGTypes.m in Sources */,
				94572E9613DB877A003F35DC /* SGContextQuery.m in Sources */,
				94572E9813DB877A003F35DC /* SGNearbyQuery.m in Sources */,
				94572E9A13DB877A003F35DC /* SGPlacesQuery.m in Sources */,
				94572E9D13DB877A003F35DC /* SGQuery.m in Sources */,
				94572E9F13DB877A003F35DC /* SGStorageQuery.m in Sources */,
				94572EA113DB877A003F35DC /* SimpleGeo+Context.m in Sources */,
				94572EA313DB877A003F35DC /* SimpleGeo+Features.m in Sources */,
				94572EA513DB877A003F35DC /* SimpleGeo+Places.m in Sources */,
				94572EA713DB877A003F35DC /* SimpleGeo+Storage.m in Sources */,
				94572EA913DB877A003F35DC /* SGCallback.m in Sources */,
				94572EAB13DB877A003F35DC /* SimpleGeo+Internal.m in Sources */,
				94572EAD13DB877A003F35DC /* SimpleGeo.m in Sources */,
				94572EAF13DB877A003F35DC /* NSArray+SGCollection.m in Sources */,
				94572EB113DB877A003F35DC /* NSDictionary+Classifier.m in Sources */,
				94572EB313DB877A003F35DC /* SGEnvelope.m in Sources */,
				94572EB513DB877A003F35DC /* SGGeometry.m in Sources */,
				94572EB713DB877A003F35DC /* SGMultiPolygon.m in Sources */,
				94572EBA13DB877A003F35DC /* SGPoint.m in Sources */,
				94572EBD13DB877A003F35DC /* SGPolygon.m in Sources */,
				94572EBF13DB877A003F35DC /* SGFeature.m in Sources */,
				94572EC213DB877A003F35DC /* SGObject.m in Sources */,
				94572EC413DB877A003F35DC /* SGPlace.m in Sources */,
				94572EC613DB877A003F35DC /* SGStoredRecord.m in Sources */,
				94572ED113DB880B003F35DC /* SGGeometry+Mapkit.m in Sources */,
				94572ED313DB880B003F35DC /* SGMultiPolygon+Mapkit.m in Sources */,
				94572ED513DB880B003F35DC /* SGPoint+Mapkit.m in Sources */,
				94572ED713DB880B003F35DC /* SGPolygon+Mapkit.m in Sources */,
			);
			runOnlyForDeploymentPostprocessing = 0;
		};
/* End PBXSourcesBuildPhase section */

/* Begin XCBuildConfiguration section */
		1DEB922308733DC00010E9CD /* Debug */ = {
			isa = XCBuildConfiguration;
			buildSettings = {
				ARCHS = "$(ARCHS_STANDARD_32_BIT)";
				GCC_C_LANGUAGE_STANDARD = c99;
				GCC_OPTIMIZATION_LEVEL = 0;
				GCC_WARN_ABOUT_RETURN_TYPE = YES;
				GCC_WARN_UNUSED_VARIABLE = YES;
				OTHER_LDFLAGS = "-ObjC";
				PREBINDING = NO;
				SDKROOT = iphoneos;
			};
			name = Debug;
		};
		1DEB922408733DC00010E9CD /* Release */ = {
			isa = XCBuildConfiguration;
			buildSettings = {
				ARCHS = "$(ARCHS_STANDARD_32_BIT)";
				GCC_C_LANGUAGE_STANDARD = c99;
				GCC_WARN_ABOUT_RETURN_TYPE = YES;
				GCC_WARN_UNUSED_VARIABLE = YES;
				OTHER_LDFLAGS = "-ObjC";
				PREBINDING = NO;
				SDKROOT = iphoneos;
			};
			name = Release;
		};
		5DF1FB8712C2C5B60097CF47 /* Debug */ = {
			isa = XCBuildConfiguration;
			baseConfigurationReference = 5D79622B12E1164D00B33631 /* Debug-iOS.xcconfig */;
			buildSettings = {
				FRAMEWORK_SEARCH_PATHS = (
					"$(inherited)",
					"\"$(SRCROOT)/ext\"",
				);
			};
			name = Debug;
		};
		5DF1FB8812C2C5B60097CF47 /* Release */ = {
			isa = XCBuildConfiguration;
			baseConfigurationReference = 5D79623312E1167500B33631 /* Release-iOS.xcconfig */;
			buildSettings = {
				FRAMEWORK_SEARCH_PATHS = (
					"$(inherited)",
					"\"$(SRCROOT)/ext\"",
				);
			};
			name = Release;
		};
/* End XCBuildConfiguration section */

/* Begin XCConfigurationList section */
		1DEB922208733DC00010E9CD /* Build configuration list for PBXProject "SimpleGeo" */ = {
			isa = XCConfigurationList;
			buildConfigurations = (
				1DEB922308733DC00010E9CD /* Debug */,
				1DEB922408733DC00010E9CD /* Release */,
			);
			defaultConfigurationIsVisible = 0;
			defaultConfigurationName = Release;
		};
		5DF1FB8912C2C5B70097CF47 /* Build configuration list for PBXNativeTarget "SimpleGeo" */ = {
			isa = XCConfigurationList;
			buildConfigurations = (
				5DF1FB8712C2C5B60097CF47 /* Debug */,
				5DF1FB8812C2C5B60097CF47 /* Release */,
			);
			defaultConfigurationIsVisible = 0;
			defaultConfigurationName = Release;
		};
/* End XCConfigurationList section */
	};
	rootObject = 0867D690FE84028FC02AAC07 /* Project object */;
}
